// !$*UTF8*$!
{
	archiveVersion = 1;
	classes = {
	};
	objectVersion = 48;
	objects = {

/* Begin PBXBuildFile section */
		563A278D2050E0EC00FAE438 /* AppDelegate.swift in Sources */ = {isa = PBXBuildFile; fileRef = 563A278C2050E0EC00FAE438 /* AppDelegate.swift */; };
		563A278F2050E0EC00FAE438 /* ViewController.swift in Sources */ = {isa = PBXBuildFile; fileRef = 563A278E2050E0EC00FAE438 /* ViewController.swift */; };
		563A27912050E0EC00FAE438 /* Assets.xcassets in Resources */ = {isa = PBXBuildFile; fileRef = 563A27902050E0EC00FAE438 /* Assets.xcassets */; };
		563A27942050E0EC00FAE438 /* Main.storyboard in Resources */ = {isa = PBXBuildFile; fileRef = 563A27922050E0EC00FAE438 /* Main.storyboard */; };
		BDE4CEAC218560C87072F4AC /* Pods_03_RxSwiftMac.framework in Frameworks */ = {isa = PBXBuildFile; fileRef = 5D6E1023958E2CD9F9AB2605 /* Pods_03_RxSwiftMac.framework */; };
/* End PBXBuildFile section */

/* Begin PBXFileReference section */
		23371C0866D16216E11471D6 /* Pods-03-RxSwiftMac.debug.xcconfig */ = {isa = PBXFileReference; includeInIndex = 1; lastKnownFileType = text.xcconfig; name = "Pods-03-RxSwiftMac.debug.xcconfig"; path = "Pods/Target Support Files/Pods-03-RxSwiftMac/Pods-03-RxSwiftMac.debug.xcconfig"; sourceTree = "<group>"; };
		363ED11DB245FA05D902E9F5 /* Pods-03-RxSwiftMac.release.xcconfig */ = {isa = PBXFileReference; includeInIndex = 1; lastKnownFileType = text.xcconfig; name = "Pods-03-RxSwiftMac.release.xcconfig"; path = "Pods/Target Support Files/Pods-03-RxSwiftMac/Pods-03-RxSwiftMac.release.xcconfig"; sourceTree = "<group>"; };
		563A27892050E0EC00FAE438 /* 03-RxSwiftMac.app */ = {isa = PBXFileReference; explicitFileType = wrapper.application; includeInIndex = 0; path = "03-RxSwiftMac.app"; sourceTree = BUILT_PRODUCTS_DIR; };
		563A278C2050E0EC00FAE438 /* AppDelegate.swift */ = {isa = PBXFileReference; lastKnownFileType = sourcecode.swift; path = AppDelegate.swift; sourceTree = "<group>"; };
		563A278E2050E0EC00FAE438 /* ViewController.swift */ = {isa = PBXFileReference; lastKnownFileType = sourcecode.swift; path = ViewController.swift; sourceTree = "<group>"; };
		563A27902050E0EC00FAE438 /* Assets.xcassets */ = {isa = PBXFileReference; lastKnownFileType = folder.assetcatalog; path = Assets.xcassets; sourceTree = "<group>"; };
		563A27932050E0EC00FAE438 /* Base */ = {isa = PBXFileReference; lastKnownFileType = file.storyboard; name = Base; path = Base.lproj/Main.storyboard; sourceTree = "<group>"; };
		563A27952050E0EC00FAE438 /* Info.plist */ = {isa = PBXFileReference; lastKnownFileType = text.plist.xml; path = Info.plist; sourceTree = "<group>"; };
		563A27962050E0EC00FAE438 /* _3_RxSwiftMac.entitlements */ = {isa = PBXFileReference; lastKnownFileType = text.plist.entitlements; path = _3_RxSwiftMac.entitlements; sourceTree = "<group>"; };
		5D6E1023958E2CD9F9AB2605 /* Pods_03_RxSwiftMac.framework */ = {isa = PBXFileReference; explicitFileType = wrapper.framework; includeInIndex = 0; path = Pods_03_RxSwiftMac.framework; sourceTree = BUILT_PRODUCTS_DIR; };
/* End PBXFileReference section */

/* Begin PBXFrameworksBuildPhase section */
		563A27862050E0EC00FAE438 /* Frameworks */ = {
			isa = PBXFrameworksBuildPhase;
			buildActionMask = 2147483647;
			files = (
				BDE4CEAC218560C87072F4AC /* Pods_03_RxSwiftMac.framework in Frameworks */,
			);
			runOnlyForDeploymentPostprocessing = 0;
		};
/* End PBXFrameworksBuildPhase section */

/* Begin PBXGroup section */
		377F1A7A520873B378CE8664 /* Frameworks */ = {
			isa = PBXGroup;
			children = (
				5D6E1023958E2CD9F9AB2605 /* Pods_03_RxSwiftMac.framework */,
			);
			name = Frameworks;
			sourceTree = "<group>";
		};
		563A27802050E0EC00FAE438 = {
			isa = PBXGroup;
			children = (
				563A278B2050E0EC00FAE438 /* 03-RxSwiftMac */,
				563A278A2050E0EC00FAE438 /* Products */,
				C2AA7E0006748CE3019B4DB6 /* Pods */,
				377F1A7A520873B378CE8664 /* Frameworks */,
			);
			sourceTree = "<group>";
		};
		563A278A2050E0EC00FAE438 /* Products */ = {
			isa = PBXGroup;
			children = (
				563A27892050E0EC00FAE438 /* 03-RxSwiftMac.app */,
			);
			name = Products;
			sourceTree = "<group>";
		};
		563A278B2050E0EC00FAE438 /* 03-RxSwiftMac */ = {
			isa = PBXGroup;
			children = (
				563A278C2050E0EC00FAE438 /* AppDelegate.swift */,
				563A278E2050E0EC00FAE438 /* ViewController.swift */,
				563A27902050E0EC00FAE438 /* Assets.xcassets */,
				563A27922050E0EC00FAE438 /* Main.storyboard */,
				563A27952050E0EC00FAE438 /* Info.plist */,
				563A27962050E0EC00FAE438 /* _3_RxSwiftMac.entitlements */,
			);
			path = "03-RxSwiftMac";
			sourceTree = "<group>";
		};
		C2AA7E0006748CE3019B4DB6 /* Pods */ = {
			isa = PBXGroup;
			children = (
				23371C0866D16216E11471D6 /* Pods-03-RxSwiftMac.debug.xcconfig */,
				363ED11DB245FA05D902E9F5 /* Pods-03-RxSwiftMac.release.xcconfig */,
			);
			name = Pods;
			sourceTree = "<group>";
		};
/* End PBXGroup section */

/* Begin PBXNativeTarget section */
		563A27882050E0EC00FAE438 /* 03-RxSwiftMac */ = {
			isa = PBXNativeTarget;
			buildConfigurationList = 563A27992050E0EC00FAE438 /* Build configuration list for PBXNativeTarget "03-RxSwiftMac" */;
			buildPhases = (
				5294EFCF7D341B662225EC1C /* [CP] Check Pods Manifest.lock */,
				563A27852050E0EC00FAE438 /* Sources */,
				563A27862050E0EC00FAE438 /* Frameworks */,
				563A27872050E0EC00FAE438 /* Resources */,
				B928658E3CB834B2E70DB42D /* [CP] Embed Pods Frameworks */,
				95D5105B5D2302A578DCE3DC /* [CP] Copy Pods Resources */,
			);
			buildRules = (
			);
			dependencies = (
			);
			name = "03-RxSwiftMac";
			productName = "03-RxSwiftMac";
			productReference = 563A27892050E0EC00FAE438 /* 03-RxSwiftMac.app */;
			productType = "com.apple.product-type.application";
		};
/* End PBXNativeTarget section */

/* Begin PBXProject section */
		563A27812050E0EC00FAE438 /* Project object */ = {
			isa = PBXProject;
			attributes = {
				LastSwiftUpdateCheck = 0920;
				LastUpgradeCheck = 0920;
				ORGANIZATIONNAME = alexiuce.github.io;
				TargetAttributes = {
					563A27882050E0EC00FAE438 = {
						CreatedOnToolsVersion = 9.2;
						ProvisioningStyle = Automatic;
					};
				};
			};
			buildConfigurationList = 563A27842050E0EC00FAE438 /* Build configuration list for PBXProject "03-RxSwiftMac" */;
			compatibilityVersion = "Xcode 8.0";
			developmentRegion = en;
			hasScannedForEncodings = 0;
			knownRegions = (
				en,
				Base,
			);
			mainGroup = 563A27802050E0EC00FAE438;
			productRefGroup = 563A278A2050E0EC00FAE438 /* Products */;
			projectDirPath = "";
			projectRoot = "";
			targets = (
				563A27882050E0EC00FAE438 /* 03-RxSwiftMac */,
			);
		};
/* End PBXProject section */

/* Begin PBXResourcesBuildPhase section */
		563A27872050E0EC00FAE438 /* Resources */ = {
			isa = PBXResourcesBuildPhase;
			buildActionMask = 2147483647;
			files = (
				563A27912050E0EC00FAE438 /* Assets.xcassets in Resources */,
				563A27942050E0EC00FAE438 /* Main.storyboard in Resources */,
			);
			runOnlyForDeploymentPostprocessing = 0;
		};
/* End PBXResourcesBuildPhase section */

/* Begin PBXShellScriptBuildPhase section */
		5294EFCF7D341B662225EC1C /* [CP] Check Pods Manifest.lock */ = {
			isa = PBXShellScriptBuildPhase;
			buildActionMask = 2147483647;
			files = (
			);
			inputPaths = (
				"${PODS_PODFILE_DIR_PATH}/Podfile.lock",
				"${PODS_ROOT}/Manifest.lock",
			);
			name = "[CP] Check Pods Manifest.lock";
			outputPaths = (
				"$(DERIVED_FILE_DIR)/Pods-03-RxSwiftMac-checkManifestLockResult.txt",
			);
			runOnlyForDeploymentPostprocessing = 0;
			shellPath = /bin/sh;
			shellScript = "diff \"${PODS_PODFILE_DIR_PATH}/Podfile.lock\" \"${PODS_ROOT}/Manifest.lock\" > /dev/null\nif [ $? != 0 ] ; then\n    # print error to STDERR\n    echo \"error: The sandbox is not in sync with the Podfile.lock. Run 'pod install' or update your CocoaPods installation.\" >&2\n    exit 1\nfi\n# This output is used by Xcode 'outputs' to avoid re-running this script phase.\necho \"SUCCESS\" > \"${SCRIPT_OUTPUT_FILE_0}\"\n";
			showEnvVarsInLog = 0;
		};
		95D5105B5D2302A578DCE3DC /* [CP] Copy Pods Resources */ = {
			isa = PBXShellScriptBuildPhase;
			buildActionMask = 2147483647;
			files = (
			);
			inputPaths = (
			);
			name = "[CP] Copy Pods Resources";
			outputPaths = (
			);
			runOnlyForDeploymentPostprocessing = 0;
			shellPath = /bin/sh;
			shellScript = "\"${SRCROOT}/Pods/Target Support Files/Pods-03-RxSwiftMac/Pods-03-RxSwiftMac-resources.sh\"\n";
			showEnvVarsInLog = 0;
		};
		B928658E3CB834B2E70DB42D /* [CP] Embed Pods Frameworks */ = {
			isa = PBXShellScriptBuildPhase;
			buildActionMask = 2147483647;
			files = (
			);
			inputPaths = (
				"${SRCROOT}/Pods/Target Support Files/Pods-03-RxSwiftMac/Pods-03-RxSwiftMac-frameworks.sh",
				"${BUILT_PRODUCTS_DIR}/RxCocoa/RxCocoa.framework",
				"${BUILT_PRODUCTS_DIR}/RxSwift/RxSwift.framework",
			);
			name = "[CP] Embed Pods Frameworks";
			outputPaths = (
				"${TARGET_BUILD_DIR}/${FRAMEWORKS_FOLDER_PATH}/RxCocoa.framework",
				"${TARGET_BUILD_DIR}/${FRAMEWORKS_FOLDER_PATH}/RxSwift.framework",
			);
			runOnlyForDeploymentPostprocessing = 0;
			shellPath = /bin/sh;
			shellScript = "\"${SRCROOT}/Pods/Target Support Files/Pods-03-RxSwiftMac/Pods-03-RxSwiftMac-frameworks.sh\"\n";
			showEnvVarsInLog = 0;
		};
/* End PBXShellScriptBuildPhase section */

/* Begin PBXSourcesBuildPhase section */
		563A27852050E0EC00FAE438 /* Sources */ = {
			isa = PBXSourcesBuildPhase;
			buildActionMask = 2147483647;
			files = (
				563A278F2050E0EC00FAE438 /* ViewController.swift in Sources */,
				563A278D2050E0EC00FAE438 /* AppDelegate.swift in Sources */,
			);
			runOnlyForDeploymentPostprocessing = 0;
		};
/* End PBXSourcesBuildPhase section */

/* Begin PBXVariantGroup section */
		563A27922050E0EC00FAE438 /* Main.storyboard */ = {
			isa = PBXVariantGroup;
			children = (
				563A27932050E0EC00FAE438 /* Base */,
			);
			name = Main.storyboard;
			sourceTree = "<group>";
		};
/* End PBXVariantGroup section */

/* Begin XCBuildConfiguration section */
		563A27972050E0EC00FAE438 /* Debug */ = {
			isa = XCBuildConfiguration;
			buildSettings = {
				ALWAYS_SEARCH_USER_PATHS = NO;
				CLANG_ANALYZER_NONNULL = YES;
				CLANG_ANALYZER_NUMBER_OBJECT_CONVERSION = YES_AGGRESSIVE;
				CLANG_CXX_LANGUAGE_STANDARD = "gnu++14";
				CLANG_CXX_LIBRARY = "libc++";
				CLANG_ENABLE_MODULES = YES;
				CLANG_ENABLE_OBJC_ARC = YES;
				CLANG_WARN_BLOCK_CAPTURE_AUTORELEASING = YES;
				CLANG_WARN_BOOL_CONVERSION = YES;
				CLANG_WARN_COMMA = YES;
				CLANG_WARN_CONSTANT_CONVERSION = YES;
				CLANG_WARN_DIRECT_OBJC_ISA_USAGE = YES_ERROR;
				CLANG_WARN_DOCUMENTATION_COMMENTS = YES;
				CLANG_WARN_EMPTY_BODY = YES;
				CLANG_WARN_ENUM_CONVERSION = YES;
				CLANG_WARN_INFINITE_RECURSION = YES;
				CLANG_WARN_INT_CONVERSION = YES;
				CLANG_WARN_NON_LITERAL_NULL_CONVERSION = YES;
				CLANG_WARN_OBJC_LITERAL_CONVERSION = YES;
				CLANG_WARN_OBJC_ROOT_CLASS = YES_ERROR;
				CLANG_WARN_RANGE_LOOP_ANALYSIS = YES;
				CLANG_WARN_STRICT_PROTOTYPES = YES;
				CLANG_WARN_SUSPICIOUS_MOVE = YES;
				CLANG_WARN_UNGUARDED_AVAILABILITY = YES_AGGRESSIVE;
				CLANG_WARN_UNREACHABLE_CODE = YES;
				CLANG_WARN__DUPLICATE_METHOD_MATCH = YES;
				CODE_SIGN_IDENTITY = "-";
				COPY_PHASE_STRIP = NO;
				DEBUG_INFORMATION_FORMAT = dwarf;
				ENABLE_STRICT_OBJC_MSGSEND = YES;
				ENABLE_TESTABILITY = YES;
				GCC_C_LANGUAGE_STANDARD = gnu11;
				GCC_DYNAMIC_NO_PIC = NO;
				GCC_NO_COMMON_BLOCKS = YES;
				GCC_OPTIMIZATION_LEVEL = 0;
				GCC_PREPROCESSOR_DEFINITIONS = (
					"DEBUG=1",
					"$(inherited)",
				);
				GCC_WARN_64_TO_32_BIT_CONVERSION = YES;
				GCC_WARN_ABOUT_RETURN_TYPE = YES_ERROR;
				GCC_WARN_UNDECLARED_SELECTOR = YES;
				GCC_WARN_UNINITIALIZED_AUTOS = YES_AGGRESSIVE;
				GCC_WARN_UNUSED_FUNCTION = YES;
				GCC_WARN_UNUSED_VARIABLE = YES;
				MACOSX_DEPLOYMENT_TARGET = 10.13;
				MTL_ENABLE_DEBUG_INFO = YES;
				ONLY_ACTIVE_ARCH = YES;
				SDKROOT = macosx;
				SWIFT_ACTIVE_COMPILATION_CONDITIONS = DEBUG;
				SWIFT_OPTIMIZATION_LEVEL = "-Onone";
			};
			name = Debug;
		};
		563A27982050E0EC00FAE438 /* Release */ = {
			isa = XCBuildConfiguration;
			buildSettings = {
				ALWAYS_SEARCH_USER_PATHS = NO;
				CLANG_ANALYZER_NONNULL = YES;
				CLANG_ANALYZER_NUMBER_OBJECT_CONVERSION = YES_AGGRESSIVE;
				CLANG_CXX_LANGUAGE_STANDARD = "gnu++14";
				CLANG_CXX_LIBRARY = "libc++";
				CLANG_ENABLE_MODULES = YES;
				CLANG_ENABLE_OBJC_ARC = YES;
				CLANG_WARN_BLOCK_CAPTURE_AUTORELEASING = YES;
				CLANG_WARN_BOOL_CONVERSION = YES;
				CLANG_WARN_COMMA = YES;
				CLANG_WARN_CONSTANT_CONVERSION = YES;
				CLANG_WARN_DIRECT_OBJC_ISA_USAGE = YES_ERROR;
				CLANG_WARN_DOCUMENTATION_COMMENTS = YES;
				CLANG_WARN_EMPTY_BODY = YES;
				CLANG_WARN_ENUM_CONVERSION = YES;
				CLANG_WARN_INFINITE_RECURSION = YES;
				CLANG_WARN_INT_CONVERSION = YES;
				CLANG_WARN_NON_LITERAL_NULL_CONVERSION = YES;
				CLANG_WARN_OBJC_LITERAL_CONVERSION = YES;
				CLANG_WARN_OBJC_ROOT_CLASS = YES_ERROR;
				CLANG_WARN_RANGE_LOOP_ANALYSIS = YES;
				CLANG_WARN_STRICT_PROTOTYPES = YES;
				CLANG_WARN_SUSPICIOUS_MOVE = YES;
				CLANG_WARN_UNGUARDED_AVAILABILITY = YES_AGGRESSIVE;
				CLANG_WARN_UNREACHABLE_CODE = YES;
				CLANG_WARN__DUPLICATE_METHOD_MATCH = YES;
				CODE_SIGN_IDENTITY = "-";
				COPY_PHASE_STRIP = NO;
				DEBUG_INFORMATION_FORMAT = "dwarf-with-dsym";
				ENABLE_NS_ASSERTIONS = NO;
				ENABLE_STRICT_OBJC_MSGSEND = YES;
				GCC_C_LANGUAGE_STANDARD = gnu11;
				GCC_NO_COMMON_BLOCKS = YES;
				GCC_WARN_64_TO_32_BIT_CONVERSION = YES;
				GCC_WARN_ABOUT_RETURN_TYPE = YES_ERROR;
				GCC_WARN_UNDECLARED_SELECTOR = YES;
				GCC_WARN_UNINITIALIZED_AUTOS = YES_AGGRESSIVE;
				GCC_WARN_UNUSED_FUNCTION = YES;
				GCC_WARN_UNUSED_VARIABLE = YES;
				MACOSX_DEPLOYMENT_TARGET = 10.13;
				MTL_ENABLE_DEBUG_INFO = NO;
				SDKROOT = macosx;
				SWIFT_OPTIMIZATION_LEVEL = "-Owholemodule";
			};
			name = Release;
		};
		563A279A2050E0EC00FAE438 /* Debug */ = {
			isa = XCBuildConfiguration;
			baseConfigurationReference = 23371C0866D16216E11471D6 /* Pods-03-RxSwiftMac.debug.xcconfig */;
			buildSettings = {
				ASSETCATALOG_COMPILER_APPICON_NAME = AppIcon;
				CODE_SIGN_ENTITLEMENTS = "03-RxSwiftMac/_3_RxSwiftMac.entitlements";
				CODE_SIGN_STYLE = Automatic;
				COMBINE_HIDPI_IMAGES = YES;
				INFOPLIST_FILE = "03-RxSwiftMac/Info.plist";
				LD_RUNPATH_SEARCH_PATHS = "$(inherited) @executable_path/../Frameworks";
				PRODUCT_BUNDLE_IDENTIFIER = "alexiuce.-3-RxSwiftMac";
				PRODUCT_NAME = "$(TARGET_NAME)";
				SWIFT_VERSION = 4.0;
			};
			name = Debug;
		};
		563A279B2050E0EC00FAE438 /* Release */ = {
			isa = XCBuildConfiguration;
			baseConfigurationReference = 363ED11DB245FA05D902E9F5 /* Pods-03-RxSwiftMac.release.xcconfig */;
			buildSettings = {
				ASSETCATALOG_COMPILER_APPICON_NAME = AppIcon;
				CODE_SIGN_ENTITLEMENTS = "03-RxSwiftMac/_3_RxSwiftMac.entitlements";
				CODE_SIGN_STYLE = Automatic;
				COMBINE_HIDPI_IMAGES = YES;
				INFOPLIST_FILE = "03-RxSwiftMac/Info.plist";
				LD_RUNPATH_SEARCH_PATHS = "$(inherited) @executable_path/../Frameworks";
				PRODUCT_BUNDLE_IDENTIFIER = "alexiuce.-3-RxSwiftMac";
				PRODUCT_NAME = "$(TARGET_NAME)";
				SWIFT_VERSION = 4.0;
			};
			name = Release;
		};
/* End XCBuildConfiguration section */

/* Begin XCConfigurationList section */
		563A27842050E0EC00FAE438 /* Build configuration list for PBXProject "03-RxSwiftMac" */ = {
			isa = XCConfigurationList;
			buildConfigurations = (
				563A27972050E0EC00FAE438 /* Debug */,
				563A27982050E0EC00FAE438 /* Release */,
			);
			defaultConfigurationIsVisible = 0;
			defaultConfigurationName = Release;
		};
		563A27992050E0EC00FAE438 /* Build configuration list for PBXNativeTarget "03-RxSwiftMac" */ = {
			isa = XCConfigurationList;
			buildConfigurations = (
				563A279A2050E0EC00FAE438 /* Debug */,
				563A279B2050E0EC00FAE438 /* Release */,
			);
			defaultConfigurationIsVisible = 0;
			defaultConfigurationName = Release;
		};
/* End XCConfigurationList section */
	};
	rootObject = 563A27812050E0EC00FAE438 /* Project object */;
}
