PODS:
  - SDAutoLayout (2.1.9)
  - SDCycleScrollView (1.75):
    - SDWebImage (>= 4.0.0)
  - SDWebImage (4.3.0):
    - SDWebImage/Core (= 4.3.0)
  - SDWebImage/Core (4.3.0)

DEPENDENCIES:
  - SDAutoLayout (~> 2.1.3)
  - SDCycleScrollView (~> 1.75)

SPEC REPOS:
  https://github.com/cocoapods/specs.git:
    - SDAutoLayout
    - SDCycleScrollView
    - SDWebImage

SPEC CHECKSUMS:
  SDAutoLayout: 6b6f4db0d009dfc46cef14ef710dbb164e86616c
  SDCycleScrollView: 884b88f0266dd4708a0e1934975c69cb971707b1
  SDWebImage: 6da6c8bca115addc4de8613362e1b15f66333825

PODFILE CHECKSUM: 2e70477aa97f2b827eb22e9ca8595817c61623a9

COCOAPODS: 1.5.3
