// !$*UTF8*$!
{
	archiveVersion = 1;
	classes = {
	};
	objectVersion = 50;
	objects = {

/* Begin PBXBuildFile section */
		D810798220FC1EA0000E97CA /* AppDelegate.swift in Sources */ = {isa = PBXBuildFile; fileRef = D810798120FC1EA0000E97CA /* AppDelegate.swift */; };
		D810798420FC1EA0000E97CA /* ViewController.swift in Sources */ = {isa = PBXBuildFile; fileRef = D810798320FC1EA0000E97CA /* ViewController.swift */; };
		D810798720FC1EA0000E97CA /* Main.storyboard in Resources */ = {isa = PBXBuildFile; fileRef = D810798520FC1EA0000E97CA /* Main.storyboard */; };
		D810798920FC1EA1000E97CA /* Assets.xcassets in Resources */ = {isa = PBXBuildFile; fileRef = D810798820FC1EA1000E97CA /* Assets.xcassets */; };
		D810798C20FC1EA1000E97CA /* LaunchScreen.storyboard in Resources */ = {isa = PBXBuildFile; fileRef = D810798A20FC1EA1000E97CA /* LaunchScreen.storyboard */; };
		D818D079210AA24A0002C03E /* DemoMan.m in Sources */ = {isa = PBXBuildFile; fileRef = D818D078210AA24A0002C03E /* DemoMan.m */; };
		D818D07D210AB5890002C03E /* PersonViewController.m in Sources */ = {isa = PBXBuildFile; fileRef = D818D07B210AB5890002C03E /* PersonViewController.m */; };
		D818D07E210AB5890002C03E /* PersonViewController.xib in Resources */ = {isa = PBXBuildFile; fileRef = D818D07C210AB5890002C03E /* PersonViewController.xib */; };
		D818D082210ABA930002C03E /* TransAnimationManager.m in Sources */ = {isa = PBXBuildFile; fileRef = D818D081210ABA930002C03E /* TransAnimationManager.m */; };
		D818D085210ABD6C0002C03E /* TransController.m in Sources */ = {isa = PBXBuildFile; fileRef = D818D084210ABD6C0002C03E /* TransController.m */; };
		D86CEF3420FF4120009BB583 /* AppDelegate.m in Sources */ = {isa = PBXBuildFile; fileRef = D86CEF3320FF4120009BB583 /* AppDelegate.m */; };
		D86CEF3720FF4120009BB583 /* ViewController.m in Sources */ = {isa = PBXBuildFile; fileRef = D86CEF3620FF4120009BB583 /* ViewController.m */; };
		D86CEF3A20FF4120009BB583 /* Main.storyboard in Resources */ = {isa = PBXBuildFile; fileRef = D86CEF3820FF4120009BB583 /* Main.storyboard */; };
		D86CEF3C20FF4121009BB583 /* Assets.xcassets in Resources */ = {isa = PBXBuildFile; fileRef = D86CEF3B20FF4121009BB583 /* Assets.xcassets */; };
		D86CEF3F20FF4121009BB583 /* LaunchScreen.storyboard in Resources */ = {isa = PBXBuildFile; fileRef = D86CEF3D20FF4121009BB583 /* LaunchScreen.storyboard */; };
		D86CEF4220FF4121009BB583 /* main.m in Sources */ = {isa = PBXBuildFile; fileRef = D86CEF4120FF4121009BB583 /* main.m */; };
		D86CEF4720FF415F009BB583 /* HelloView.xib in Resources */ = {isa = PBXBuildFile; fileRef = D86CEF4620FF415F009BB583 /* HelloView.xib */; };
		D86CEF4A20FF417C009BB583 /* HelloView.m in Sources */ = {isa = PBXBuildFile; fileRef = D86CEF4920FF417C009BB583 /* HelloView.m */; };
		D87798F02111383500611EF1 /* WMPageController.m in Sources */ = {isa = PBXBuildFile; fileRef = D87798E52111383500611EF1 /* WMPageController.m */; };
		D87798F12111383500611EF1 /* WMMenuItem.m in Sources */ = {isa = PBXBuildFile; fileRef = D87798EB2111383500611EF1 /* WMMenuItem.m */; };
		D87798F22111383500611EF1 /* WMScrollView.m in Sources */ = {isa = PBXBuildFile; fileRef = D87798EC2111383500611EF1 /* WMScrollView.m */; };
		D87798F32111383500611EF1 /* WMMenuView.m in Sources */ = {isa = PBXBuildFile; fileRef = D87798ED2111383500611EF1 /* WMMenuView.m */; };
		D87798F42111383500611EF1 /* WMProgressView.m in Sources */ = {isa = PBXBuildFile; fileRef = D87798EE2111383500611EF1 /* WMProgressView.m */; };
		D877990F2111383F00611EF1 /* NSLayoutConstraint+MASDebugAdditions.m in Sources */ = {isa = PBXBuildFile; fileRef = D87798F72111383F00611EF1 /* NSLayoutConstraint+MASDebugAdditions.m */; };
		D87799102111383F00611EF1 /* ViewController+MASAdditions.m in Sources */ = {isa = PBXBuildFile; fileRef = D87799002111383F00611EF1 /* ViewController+MASAdditions.m */; };
		D87799112111383F00611EF1 /* MASCompositeConstraint.m in Sources */ = {isa = PBXBuildFile; fileRef = D87799042111383F00611EF1 /* MASCompositeConstraint.m */; };
		D87799122111383F00611EF1 /* MASConstraintMaker.m in Sources */ = {isa = PBXBuildFile; fileRef = D87799052111383F00611EF1 /* MASConstraintMaker.m */; };
		D87799132111383F00611EF1 /* MASLayoutConstraint.m in Sources */ = {isa = PBXBuildFile; fileRef = D87799062111383F00611EF1 /* MASLayoutConstraint.m */; };
		D87799142111383F00611EF1 /* NSArray+MASAdditions.m in Sources */ = {isa = PBXBuildFile; fileRef = D87799072111383F00611EF1 /* NSArray+MASAdditions.m */; };
		D87799152111383F00611EF1 /* View+MASAdditions.m in Sources */ = {isa = PBXBuildFile; fileRef = D87799082111383F00611EF1 /* View+MASAdditions.m */; };
		D87799162111383F00611EF1 /* MASConstraint.m in Sources */ = {isa = PBXBuildFile; fileRef = D877990B2111383F00611EF1 /* MASConstraint.m */; };
		D87799172111383F00611EF1 /* MASViewConstraint.m in Sources */ = {isa = PBXBuildFile; fileRef = D877990D2111383F00611EF1 /* MASViewConstraint.m */; };
		D87799182111383F00611EF1 /* MASViewAttribute.m in Sources */ = {isa = PBXBuildFile; fileRef = D877990E2111383F00611EF1 /* MASViewAttribute.m */; };
		D877991B211139D600611EF1 /* PageScrollerView.m in Sources */ = {isa = PBXBuildFile; fileRef = D877991A211139D600611EF1 /* PageScrollerView.m */; };
		D87EDEAF210EB53200D09FC1 /* Second.storyboard in Resources */ = {isa = PBXBuildFile; fileRef = D87EDEAE210EB53200D09FC1 /* Second.storyboard */; };
		D87EDEB2210EB62500D09FC1 /* SecondViewController.m in Sources */ = {isa = PBXBuildFile; fileRef = D87EDEB1210EB62500D09FC1 /* SecondViewController.m */; };
		D88D709E21152F5F00858B62 /* WSServerGameCell.m in Sources */ = {isa = PBXBuildFile; fileRef = D88D709C21152F5F00858B62 /* WSServerGameCell.m */; };
		D88D709F21152F5F00858B62 /* WSServerGameCell.xib in Resources */ = {isa = PBXBuildFile; fileRef = D88D709D21152F5F00858B62 /* WSServerGameCell.xib */; };
		D88D70A2211537A600858B62 /* WSServerGameCollectionView.m in Sources */ = {isa = PBXBuildFile; fileRef = D88D70A1211537A600858B62 /* WSServerGameCollectionView.m */; };
		D88D70A52115397300858B62 /* WSServerGameDataSource.m in Sources */ = {isa = PBXBuildFile; fileRef = D88D70A42115397300858B62 /* WSServerGameDataSource.m */; };
		D8DAE066E9A5A49D627EBFDC /* Pods_06_XCWeibo.framework in Frameworks */ = {isa = PBXBuildFile; fileRef = 063D3E9B071AD8D23B219524 /* Pods_06_XCWeibo.framework */; };
		D8EF8469211012990095F19E /* page.storyboard in Resources */ = {isa = PBXBuildFile; fileRef = D8EF8468211012990095F19E /* page.storyboard */; };
		D8EF846C211012C40095F19E /* PHViewController.m in Sources */ = {isa = PBXBuildFile; fileRef = D8EF846B211012C40095F19E /* PHViewController.m */; };
		D8EF847521102E2F0095F19E /* XCPageViewController.m in Sources */ = {isa = PBXBuildFile; fileRef = D8EF847321102E2F0095F19E /* XCPageViewController.m */; };
		D8EF847A2110342E0095F19E /* FirstTableViewController.m in Sources */ = {isa = PBXBuildFile; fileRef = D8EF84782110342E0095F19E /* FirstTableViewController.m */; };
		D8EF847B2110342E0095F19E /* FirstTableViewController.xib in Resources */ = {isa = PBXBuildFile; fileRef = D8EF84792110342E0095F19E /* FirstTableViewController.xib */; };
		D8EF847F2110344A0095F19E /* SecTableViewController.m in Sources */ = {isa = PBXBuildFile; fileRef = D8EF847D2110344A0095F19E /* SecTableViewController.m */; };
		D8EF84802110344A0095F19E /* SecTableViewController.xib in Resources */ = {isa = PBXBuildFile; fileRef = D8EF847E2110344A0095F19E /* SecTableViewController.xib */; };
		FCB73D74692EF1711B2B9796 /* Pods_Objc_UI.framework in Frameworks */ = {isa = PBXBuildFile; fileRef = CA5B04543719C12DB382F74F /* Pods_Objc_UI.framework */; };
/* End PBXBuildFile section */

/* Begin PBXFileReference section */
		063D3E9B071AD8D23B219524 /* Pods_06_XCWeibo.framework */ = {isa = PBXFileReference; explicitFileType = wrapper.framework; includeInIndex = 0; path = Pods_06_XCWeibo.framework; sourceTree = BUILT_PRODUCTS_DIR; };
		25522F0E6853F942C38D4EB7 /* Pods-06-XCWeibo.release.xcconfig */ = {isa = PBXFileReference; includeInIndex = 1; lastKnownFileType = text.xcconfig; name = "Pods-06-XCWeibo.release.xcconfig"; path = "Pods/Target Support Files/Pods-06-XCWeibo/Pods-06-XCWeibo.release.xcconfig"; sourceTree = "<group>"; };
		5AA470079CB4336B4FE921D5 /* Pods-Objc-UI.debug.xcconfig */ = {isa = PBXFileReference; includeInIndex = 1; lastKnownFileType = text.xcconfig; name = "Pods-Objc-UI.debug.xcconfig"; path = "Pods/Target Support Files/Pods-Objc-UI/Pods-Objc-UI.debug.xcconfig"; sourceTree = "<group>"; };
		6581CC2A01465FD1D8B64CE2 /* Pods-Objc-UI.release.xcconfig */ = {isa = PBXFileReference; includeInIndex = 1; lastKnownFileType = text.xcconfig; name = "Pods-Objc-UI.release.xcconfig"; path = "Pods/Target Support Files/Pods-Objc-UI/Pods-Objc-UI.release.xcconfig"; sourceTree = "<group>"; };
		B1917A21A3635FF970CD5A0C /* Pods-06-XCWeibo.debug.xcconfig */ = {isa = PBXFileReference; includeInIndex = 1; lastKnownFileType = text.xcconfig; name = "Pods-06-XCWeibo.debug.xcconfig"; path = "Pods/Target Support Files/Pods-06-XCWeibo/Pods-06-XCWeibo.debug.xcconfig"; sourceTree = "<group>"; };
		CA5B04543719C12DB382F74F /* Pods_Objc_UI.framework */ = {isa = PBXFileReference; explicitFileType = wrapper.framework; includeInIndex = 0; path = Pods_Objc_UI.framework; sourceTree = BUILT_PRODUCTS_DIR; };
		D810797E20FC1EA0000E97CA /* 06-XCWeibo.app */ = {isa = PBXFileReference; explicitFileType = wrapper.application; includeInIndex = 0; path = "06-XCWeibo.app"; sourceTree = BUILT_PRODUCTS_DIR; };
		D810798120FC1EA0000E97CA /* AppDelegate.swift */ = {isa = PBXFileReference; lastKnownFileType = sourcecode.swift; path = AppDelegate.swift; sourceTree = "<group>"; };
		D810798320FC1EA0000E97CA /* ViewController.swift */ = {isa = PBXFileReference; lastKnownFileType = sourcecode.swift; path = ViewController.swift; sourceTree = "<group>"; };
		D810798620FC1EA0000E97CA /* Base */ = {isa = PBXFileReference; lastKnownFileType = file.storyboard; name = Base; path = Base.lproj/Main.storyboard; sourceTree = "<group>"; };
		D810798820FC1EA1000E97CA /* Assets.xcassets */ = {isa = PBXFileReference; lastKnownFileType = folder.assetcatalog; path = Assets.xcassets; sourceTree = "<group>"; };
		D810798B20FC1EA1000E97CA /* Base */ = {isa = PBXFileReference; lastKnownFileType = file.storyboard; name = Base; path = Base.lproj/LaunchScreen.storyboard; sourceTree = "<group>"; };
		D810798D20FC1EA1000E97CA /* Info.plist */ = {isa = PBXFileReference; lastKnownFileType = text.plist.xml; path = Info.plist; sourceTree = "<group>"; };
		D818D077210AA24A0002C03E /* DemoMan.h */ = {isa = PBXFileReference; lastKnownFileType = sourcecode.c.h; path = DemoMan.h; sourceTree = "<group>"; };
		D818D078210AA24A0002C03E /* DemoMan.m */ = {isa = PBXFileReference; lastKnownFileType = sourcecode.c.objc; path = DemoMan.m; sourceTree = "<group>"; };
		D818D07A210AB5890002C03E /* PersonViewController.h */ = {isa = PBXFileReference; lastKnownFileType = sourcecode.c.h; path = PersonViewController.h; sourceTree = "<group>"; };
		D818D07B210AB5890002C03E /* PersonViewController.m */ = {isa = PBXFileReference; lastKnownFileType = sourcecode.c.objc; path = PersonViewController.m; sourceTree = "<group>"; };
		D818D07C210AB5890002C03E /* PersonViewController.xib */ = {isa = PBXFileReference; lastKnownFileType = file.xib; path = PersonViewController.xib; sourceTree = "<group>"; };
		D818D080210ABA930002C03E /* TransAnimationManager.h */ = {isa = PBXFileReference; lastKnownFileType = sourcecode.c.h; path = TransAnimationManager.h; sourceTree = "<group>"; };
		D818D081210ABA930002C03E /* TransAnimationManager.m */ = {isa = PBXFileReference; lastKnownFileType = sourcecode.c.objc; path = TransAnimationManager.m; sourceTree = "<group>"; };
		D818D083210ABD6C0002C03E /* TransController.h */ = {isa = PBXFileReference; lastKnownFileType = sourcecode.c.h; path = TransController.h; sourceTree = "<group>"; };
		D818D084210ABD6C0002C03E /* TransController.m */ = {isa = PBXFileReference; lastKnownFileType = sourcecode.c.objc; path = TransController.m; sourceTree = "<group>"; };
		D8623FD921117EA300998D38 /* XCPageViewConfig.h */ = {isa = PBXFileReference; lastKnownFileType = sourcecode.c.h; path = XCPageViewConfig.h; sourceTree = "<group>"; };
		D86CEF3020FF4120009BB583 /* Objc-UI.app */ = {isa = PBXFileReference; explicitFileType = wrapper.application; includeInIndex = 0; path = "Objc-UI.app"; sourceTree = BUILT_PRODUCTS_DIR; };
		D86CEF3220FF4120009BB583 /* AppDelegate.h */ = {isa = PBXFileReference; lastKnownFileType = sourcecode.c.h; path = AppDelegate.h; sourceTree = "<group>"; };
		D86CEF3320FF4120009BB583 /* AppDelegate.m */ = {isa = PBXFileReference; lastKnownFileType = sourcecode.c.objc; path = AppDelegate.m; sourceTree = "<group>"; };
		D86CEF3520FF4120009BB583 /* ViewController.h */ = {isa = PBXFileReference; lastKnownFileType = sourcecode.c.h; path = ViewController.h; sourceTree = "<group>"; };
		D86CEF3620FF4120009BB583 /* ViewController.m */ = {isa = PBXFileReference; lastKnownFileType = sourcecode.c.objc; path = ViewController.m; sourceTree = "<group>"; };
		D86CEF3920FF4120009BB583 /* Base */ = {isa = PBXFileReference; lastKnownFileType = file.storyboard; name = Base; path = Base.lproj/Main.storyboard; sourceTree = "<group>"; };
		D86CEF3B20FF4121009BB583 /* Assets.xcassets */ = {isa = PBXFileReference; lastKnownFileType = folder.assetcatalog; path = Assets.xcassets; sourceTree = "<group>"; };
		D86CEF3E20FF4121009BB583 /* Base */ = {isa = PBXFileReference; lastKnownFileType = file.storyboard; name = Base; path = Base.lproj/LaunchScreen.storyboard; sourceTree = "<group>"; };
		D86CEF4020FF4121009BB583 /* Info.plist */ = {isa = PBXFileReference; lastKnownFileType = text.plist.xml; path = Info.plist; sourceTree = "<group>"; };
		D86CEF4120FF4121009BB583 /* main.m */ = {isa = PBXFileReference; lastKnownFileType = sourcecode.c.objc; path = main.m; sourceTree = "<group>"; };
		D86CEF4620FF415F009BB583 /* HelloView.xib */ = {isa = PBXFileReference; lastKnownFileType = file.xib; path = HelloView.xib; sourceTree = "<group>"; };
		D86CEF4820FF417C009BB583 /* HelloView.h */ = {isa = PBXFileReference; lastKnownFileType = sourcecode.c.h; path = HelloView.h; sourceTree = "<group>"; };
		D86CEF4920FF417C009BB583 /* HelloView.m */ = {isa = PBXFileReference; lastKnownFileType = sourcecode.c.objc; path = HelloView.m; sourceTree = "<group>"; };
		D87798E52111383500611EF1 /* WMPageController.m */ = {isa = PBXFileReference; fileEncoding = 4; lastKnownFileType = sourcecode.c.objc; path = WMPageController.m; sourceTree = "<group>"; };
		D87798E72111383500611EF1 /* WMScrollView.h */ = {isa = PBXFileReference; fileEncoding = 4; lastKnownFileType = sourcecode.c.h; path = WMScrollView.h; sourceTree = "<group>"; };
		D87798E82111383500611EF1 /* WMMenuItem.h */ = {isa = PBXFileReference; fileEncoding = 4; lastKnownFileType = sourcecode.c.h; path = WMMenuItem.h; sourceTree = "<group>"; };
		D87798E92111383500611EF1 /* WMMenuView.h */ = {isa = PBXFileReference; fileEncoding = 4; lastKnownFileType = sourcecode.c.h; path = WMMenuView.h; sourceTree = "<group>"; };
		D87798EA2111383500611EF1 /* WMProgressView.h */ = {isa = PBXFileReference; fileEncoding = 4; lastKnownFileType = sourcecode.c.h; path = WMProgressView.h; sourceTree = "<group>"; };
		D87798EB2111383500611EF1 /* WMMenuItem.m */ = {isa = PBXFileReference; fileEncoding = 4; lastKnownFileType = sourcecode.c.objc; path = WMMenuItem.m; sourceTree = "<group>"; };
		D87798EC2111383500611EF1 /* WMScrollView.m */ = {isa = PBXFileReference; fileEncoding = 4; lastKnownFileType = sourcecode.c.objc; path = WMScrollView.m; sourceTree = "<group>"; };
		D87798ED2111383500611EF1 /* WMMenuView.m */ = {isa = PBXFileReference; fileEncoding = 4; lastKnownFileType = sourcecode.c.objc; path = WMMenuView.m; sourceTree = "<group>"; };
		D87798EE2111383500611EF1 /* WMProgressView.m */ = {isa = PBXFileReference; fileEncoding = 4; lastKnownFileType = sourcecode.c.objc; path = WMProgressView.m; sourceTree = "<group>"; };
		D87798EF2111383500611EF1 /* WMPageController.h */ = {isa = PBXFileReference; fileEncoding = 4; lastKnownFileType = sourcecode.c.h; path = WMPageController.h; sourceTree = "<group>"; };
		D87798F62111383F00611EF1 /* MASCompositeConstraint.h */ = {isa = PBXFileReference; fileEncoding = 4; lastKnownFileType = sourcecode.c.h; path = MASCompositeConstraint.h; sourceTree = "<group>"; };
		D87798F72111383F00611EF1 /* NSLayoutConstraint+MASDebugAdditions.m */ = {isa = PBXFileReference; fileEncoding = 4; lastKnownFileType = sourcecode.c.objc; path = "NSLayoutConstraint+MASDebugAdditions.m"; sourceTree = "<group>"; };
		D87798F82111383F00611EF1 /* MASConstraint+Private.h */ = {isa = PBXFileReference; fileEncoding = 4; lastKnownFileType = sourcecode.c.h; path = "MASConstraint+Private.h"; sourceTree = "<group>"; };
		D87798F92111383F00611EF1 /* MASLayoutConstraint.h */ = {isa = PBXFileReference; fileEncoding = 4; lastKnownFileType = sourcecode.c.h; path = MASLayoutConstraint.h; sourceTree = "<group>"; };
		D87798FA2111383F00611EF1 /* NSArray+MASShorthandAdditions.h */ = {isa = PBXFileReference; fileEncoding = 4; lastKnownFileType = sourcecode.c.h; path = "NSArray+MASShorthandAdditions.h"; sourceTree = "<group>"; };
		D87798FB2111383F00611EF1 /* MASConstraintMaker.h */ = {isa = PBXFileReference; fileEncoding = 4; lastKnownFileType = sourcecode.c.h; path = MASConstraintMaker.h; sourceTree = "<group>"; };
		D87798FC2111383F00611EF1 /* View+MASAdditions.h */ = {isa = PBXFileReference; fileEncoding = 4; lastKnownFileType = sourcecode.c.h; path = "View+MASAdditions.h"; sourceTree = "<group>"; };
		D87798FD2111383F00611EF1 /* NSArray+MASAdditions.h */ = {isa = PBXFileReference; fileEncoding = 4; lastKnownFileType = sourcecode.c.h; path = "NSArray+MASAdditions.h"; sourceTree = "<group>"; };
		D87798FE2111383F00611EF1 /* MASUtilities.h */ = {isa = PBXFileReference; fileEncoding = 4; lastKnownFileType = sourcecode.c.h; path = MASUtilities.h; sourceTree = "<group>"; };
		D87798FF2111383F00611EF1 /* MASViewAttribute.h */ = {isa = PBXFileReference; fileEncoding = 4; lastKnownFileType = sourcecode.c.h; path = MASViewAttribute.h; sourceTree = "<group>"; };
		D87799002111383F00611EF1 /* ViewController+MASAdditions.m */ = {isa = PBXFileReference; fileEncoding = 4; lastKnownFileType = sourcecode.c.objc; path = "ViewController+MASAdditions.m"; sourceTree = "<group>"; };
		D87799012111383F00611EF1 /* MASViewConstraint.h */ = {isa = PBXFileReference; fileEncoding = 4; lastKnownFileType = sourcecode.c.h; path = MASViewConstraint.h; sourceTree = "<group>"; };
		D87799022111383F00611EF1 /* MASConstraint.h */ = {isa = PBXFileReference; fileEncoding = 4; lastKnownFileType = sourcecode.c.h; path = MASConstraint.h; sourceTree = "<group>"; };
		D87799032111383F00611EF1 /* NSLayoutConstraint+MASDebugAdditions.h */ = {isa = PBXFileReference; fileEncoding = 4; lastKnownFileType = sourcecode.c.h; path = "NSLayoutConstraint+MASDebugAdditions.h"; sourceTree = "<group>"; };
		D87799042111383F00611EF1 /* MASCompositeConstraint.m */ = {isa = PBXFileReference; fileEncoding = 4; lastKnownFileType = sourcecode.c.objc; path = MASCompositeConstraint.m; sourceTree = "<group>"; };
		D87799052111383F00611EF1 /* MASConstraintMaker.m */ = {isa = PBXFileReference; fileEncoding = 4; lastKnownFileType = sourcecode.c.objc; path = MASConstraintMaker.m; sourceTree = "<group>"; };
		D87799062111383F00611EF1 /* MASLayoutConstraint.m */ = {isa = PBXFileReference; fileEncoding = 4; lastKnownFileType = sourcecode.c.objc; path = MASLayoutConstraint.m; sourceTree = "<group>"; };
		D87799072111383F00611EF1 /* NSArray+MASAdditions.m */ = {isa = PBXFileReference; fileEncoding = 4; lastKnownFileType = sourcecode.c.objc; path = "NSArray+MASAdditions.m"; sourceTree = "<group>"; };
		D87799082111383F00611EF1 /* View+MASAdditions.m */ = {isa = PBXFileReference; fileEncoding = 4; lastKnownFileType = sourcecode.c.objc; path = "View+MASAdditions.m"; sourceTree = "<group>"; };
		D87799092111383F00611EF1 /* View+MASShorthandAdditions.h */ = {isa = PBXFileReference; fileEncoding = 4; lastKnownFileType = sourcecode.c.h; path = "View+MASShorthandAdditions.h"; sourceTree = "<group>"; };
		D877990A2111383F00611EF1 /* Masonry.h */ = {isa = PBXFileReference; fileEncoding = 4; lastKnownFileType = sourcecode.c.h; path = Masonry.h; sourceTree = "<group>"; };
		D877990B2111383F00611EF1 /* MASConstraint.m */ = {isa = PBXFileReference; fileEncoding = 4; lastKnownFileType = sourcecode.c.objc; path = MASConstraint.m; sourceTree = "<group>"; };
		D877990C2111383F00611EF1 /* ViewController+MASAdditions.h */ = {isa = PBXFileReference; fileEncoding = 4; lastKnownFileType = sourcecode.c.h; path = "ViewController+MASAdditions.h"; sourceTree = "<group>"; };
		D877990D2111383F00611EF1 /* MASViewConstraint.m */ = {isa = PBXFileReference; fileEncoding = 4; lastKnownFileType = sourcecode.c.objc; path = MASViewConstraint.m; sourceTree = "<group>"; };
		D877990E2111383F00611EF1 /* MASViewAttribute.m */ = {isa = PBXFileReference; fileEncoding = 4; lastKnownFileType = sourcecode.c.objc; path = MASViewAttribute.m; sourceTree = "<group>"; };
		D8779919211139D600611EF1 /* PageScrollerView.h */ = {isa = PBXFileReference; lastKnownFileType = sourcecode.c.h; path = PageScrollerView.h; sourceTree = "<group>"; };
		D877991A211139D600611EF1 /* PageScrollerView.m */ = {isa = PBXFileReference; lastKnownFileType = sourcecode.c.objc; path = PageScrollerView.m; sourceTree = "<group>"; };
		D87EDEAE210EB53200D09FC1 /* Second.storyboard */ = {isa = PBXFileReference; lastKnownFileType = file.storyboard; path = Second.storyboard; sourceTree = "<group>"; };
		D87EDEB0210EB62500D09FC1 /* SecondViewController.h */ = {isa = PBXFileReference; lastKnownFileType = sourcecode.c.h; path = SecondViewController.h; sourceTree = "<group>"; };
		D87EDEB1210EB62500D09FC1 /* SecondViewController.m */ = {isa = PBXFileReference; lastKnownFileType = sourcecode.c.objc; path = SecondViewController.m; sourceTree = "<group>"; };
		D88D709B21152F5F00858B62 /* WSServerGameCell.h */ = {isa = PBXFileReference; lastKnownFileType = sourcecode.c.h; path = WSServerGameCell.h; sourceTree = "<group>"; };
		D88D709C21152F5F00858B62 /* WSServerGameCell.m */ = {isa = PBXFileReference; lastKnownFileType = sourcecode.c.objc; path = WSServerGameCell.m; sourceTree = "<group>"; };
		D88D709D21152F5F00858B62 /* WSServerGameCell.xib */ = {isa = PBXFileReference; lastKnownFileType = file.xib; path = WSServerGameCell.xib; sourceTree = "<group>"; };
		D88D70A0211537A600858B62 /* WSServerGameCollectionView.h */ = {isa = PBXFileReference; lastKnownFileType = sourcecode.c.h; path = WSServerGameCollectionView.h; sourceTree = "<group>"; };
		D88D70A1211537A600858B62 /* WSServerGameCollectionView.m */ = {isa = PBXFileReference; lastKnownFileType = sourcecode.c.objc; path = WSServerGameCollectionView.m; sourceTree = "<group>"; };
		D88D70A32115397300858B62 /* WSServerGameDataSource.h */ = {isa = PBXFileReference; lastKnownFileType = sourcecode.c.h; path = WSServerGameDataSource.h; sourceTree = "<group>"; };
		D88D70A42115397300858B62 /* WSServerGameDataSource.m */ = {isa = PBXFileReference; lastKnownFileType = sourcecode.c.objc; path = WSServerGameDataSource.m; sourceTree = "<group>"; };
		D8EF8468211012990095F19E /* page.storyboard */ = {isa = PBXFileReference; lastKnownFileType = file.storyboard; path = page.storyboard; sourceTree = "<group>"; };
		D8EF846A211012C40095F19E /* PHViewController.h */ = {isa = PBXFileReference; lastKnownFileType = sourcecode.c.h; path = PHViewController.h; sourceTree = "<group>"; };
		D8EF846B211012C40095F19E /* PHViewController.m */ = {isa = PBXFileReference; lastKnownFileType = sourcecode.c.objc; path = PHViewController.m; sourceTree = "<group>"; };
		D8EF847221102E2F0095F19E /* XCPageViewController.h */ = {isa = PBXFileReference; lastKnownFileType = sourcecode.c.h; path = XCPageViewController.h; sourceTree = "<group>"; };
		D8EF847321102E2F0095F19E /* XCPageViewController.m */ = {isa = PBXFileReference; lastKnownFileType = sourcecode.c.objc; path = XCPageViewController.m; sourceTree = "<group>"; };
		D8EF84772110342E0095F19E /* FirstTableViewController.h */ = {isa = PBXFileReference; lastKnownFileType = sourcecode.c.h; path = FirstTableViewController.h; sourceTree = "<group>"; };
		D8EF84782110342E0095F19E /* FirstTableViewController.m */ = {isa = PBXFileReference; lastKnownFileType = sourcecode.c.objc; path = FirstTableViewController.m; sourceTree = "<group>"; };
		D8EF84792110342E0095F19E /* FirstTableViewController.xib */ = {isa = PBXFileReference; lastKnownFileType = file.xib; path = FirstTableViewController.xib; sourceTree = "<group>"; };
		D8EF847C2110344A0095F19E /* SecTableViewController.h */ = {isa = PBXFileReference; lastKnownFileType = sourcecode.c.h; path = SecTableViewController.h; sourceTree = "<group>"; };
		D8EF847D2110344A0095F19E /* SecTableViewController.m */ = {isa = PBXFileReference; lastKnownFileType = sourcecode.c.objc; path = SecTableViewController.m; sourceTree = "<group>"; };
		D8EF847E2110344A0095F19E /* SecTableViewController.xib */ = {isa = PBXFileReference; lastKnownFileType = file.xib; path = SecTableViewController.xib; sourceTree = "<group>"; };
/* End PBXFileReference section */

/* Begin PBXFrameworksBuildPhase section */
		D810797B20FC1EA0000E97CA /* Frameworks */ = {
			isa = PBXFrameworksBuildPhase;
			buildActionMask = 2147483647;
			files = (
				D8DAE066E9A5A49D627EBFDC /* Pods_06_XCWeibo.framework in Frameworks */,
			);
			runOnlyForDeploymentPostprocessing = 0;
		};
		D86CEF2D20FF4120009BB583 /* Frameworks */ = {
			isa = PBXFrameworksBuildPhase;
			buildActionMask = 2147483647;
			files = (
				FCB73D74692EF1711B2B9796 /* Pods_Objc_UI.framework in Frameworks */,
			);
			runOnlyForDeploymentPostprocessing = 0;
		};
/* End PBXFrameworksBuildPhase section */

/* Begin PBXGroup section */
		3FD0C62CA64D000178D2BF3A /* Frameworks */ = {
			isa = PBXGroup;
			children = (
				063D3E9B071AD8D23B219524 /* Pods_06_XCWeibo.framework */,
				CA5B04543719C12DB382F74F /* Pods_Objc_UI.framework */,
			);
			name = Frameworks;
			sourceTree = "<group>";
		};
		9C6143DF4E4FAE765ADF7E5E /* Pods */ = {
			isa = PBXGroup;
			children = (
				B1917A21A3635FF970CD5A0C /* Pods-06-XCWeibo.debug.xcconfig */,
				25522F0E6853F942C38D4EB7 /* Pods-06-XCWeibo.release.xcconfig */,
				5AA470079CB4336B4FE921D5 /* Pods-Objc-UI.debug.xcconfig */,
				6581CC2A01465FD1D8B64CE2 /* Pods-Objc-UI.release.xcconfig */,
			);
			name = Pods;
			sourceTree = "<group>";
		};
		D810797520FC1EA0000E97CA = {
			isa = PBXGroup;
			children = (
				D810798020FC1EA0000E97CA /* 06-XCWeibo */,
				D86CEF3120FF4120009BB583 /* Objc-UI */,
				D810797F20FC1EA0000E97CA /* Products */,
				9C6143DF4E4FAE765ADF7E5E /* Pods */,
				3FD0C62CA64D000178D2BF3A /* Frameworks */,
			);
			sourceTree = "<group>";
		};
		D810797F20FC1EA0000E97CA /* Products */ = {
			isa = PBXGroup;
			children = (
				D810797E20FC1EA0000E97CA /* 06-XCWeibo.app */,
				D86CEF3020FF4120009BB583 /* Objc-UI.app */,
			);
			name = Products;
			sourceTree = "<group>";
		};
		D810798020FC1EA0000E97CA /* 06-XCWeibo */ = {
			isa = PBXGroup;
			children = (
				D810798120FC1EA0000E97CA /* AppDelegate.swift */,
				D810798320FC1EA0000E97CA /* ViewController.swift */,
				D810798520FC1EA0000E97CA /* Main.storyboard */,
				D810798820FC1EA1000E97CA /* Assets.xcassets */,
				D810798A20FC1EA1000E97CA /* LaunchScreen.storyboard */,
				D810798D20FC1EA1000E97CA /* Info.plist */,
			);
			path = "06-XCWeibo";
			sourceTree = "<group>";
		};
		D818D07F210ABA1B0002C03E /* TransitionAnimationManager */ = {
			isa = PBXGroup;
			children = (
				D818D080210ABA930002C03E /* TransAnimationManager.h */,
				D818D081210ABA930002C03E /* TransAnimationManager.m */,
				D818D083210ABD6C0002C03E /* TransController.h */,
				D818D084210ABD6C0002C03E /* TransController.m */,
			);
			path = TransitionAnimationManager;
			sourceTree = "<group>";
		};
		D86CEF3120FF4120009BB583 /* Objc-UI */ = {
			isa = PBXGroup;
			children = (
				D8EF84672110127E0095F19E /* PageViewController */,
				D818D07F210ABA1B0002C03E /* TransitionAnimationManager */,
				D86CEF3220FF4120009BB583 /* AppDelegate.h */,
				D86CEF3320FF4120009BB583 /* AppDelegate.m */,
				D86CEF3520FF4120009BB583 /* ViewController.h */,
				D86CEF3620FF4120009BB583 /* ViewController.m */,
				D87EDEB0210EB62500D09FC1 /* SecondViewController.h */,
				D87EDEB1210EB62500D09FC1 /* SecondViewController.m */,
				D87EDEAE210EB53200D09FC1 /* Second.storyboard */,
				D818D07A210AB5890002C03E /* PersonViewController.h */,
				D818D07B210AB5890002C03E /* PersonViewController.m */,
				D818D07C210AB5890002C03E /* PersonViewController.xib */,
				D818D077210AA24A0002C03E /* DemoMan.h */,
				D818D078210AA24A0002C03E /* DemoMan.m */,
				D86CEF4620FF415F009BB583 /* HelloView.xib */,
				D86CEF4820FF417C009BB583 /* HelloView.h */,
				D86CEF4920FF417C009BB583 /* HelloView.m */,
				D86CEF3820FF4120009BB583 /* Main.storyboard */,
				D86CEF3B20FF4121009BB583 /* Assets.xcassets */,
				D86CEF3D20FF4121009BB583 /* LaunchScreen.storyboard */,
				D86CEF4020FF4121009BB583 /* Info.plist */,
				D86CEF4120FF4121009BB583 /* main.m */,
			);
			path = "Objc-UI";
			sourceTree = "<group>";
		};
		D87798E42111383500611EF1 /* WMPageController */ = {
			isa = PBXGroup;
			children = (
				D87798EF2111383500611EF1 /* WMPageController.h */,
				D87798E52111383500611EF1 /* WMPageController.m */,
				D87798E62111383500611EF1 /* WMMenuView */,
			);
			path = WMPageController;
			sourceTree = "<group>";
		};
		D87798E62111383500611EF1 /* WMMenuView */ = {
			isa = PBXGroup;
			children = (
				D87798E72111383500611EF1 /* WMScrollView.h */,
				D87798E82111383500611EF1 /* WMMenuItem.h */,
				D87798E92111383500611EF1 /* WMMenuView.h */,
				D87798EA2111383500611EF1 /* WMProgressView.h */,
				D87798EB2111383500611EF1 /* WMMenuItem.m */,
				D87798EC2111383500611EF1 /* WMScrollView.m */,
				D87798ED2111383500611EF1 /* WMMenuView.m */,
				D87798EE2111383500611EF1 /* WMProgressView.m */,
			);
			path = WMMenuView;
			sourceTree = "<group>";
		};
		D87798F52111383F00611EF1 /* Masonry */ = {
			isa = PBXGroup;
			children = (
				D87798F62111383F00611EF1 /* MASCompositeConstraint.h */,
				D87798F72111383F00611EF1 /* NSLayoutConstraint+MASDebugAdditions.m */,
				D87798F82111383F00611EF1 /* MASConstraint+Private.h */,
				D87798F92111383F00611EF1 /* MASLayoutConstraint.h */,
				D87798FA2111383F00611EF1 /* NSArray+MASShorthandAdditions.h */,
				D87798FB2111383F00611EF1 /* MASConstraintMaker.h */,
				D87798FC2111383F00611EF1 /* View+MASAdditions.h */,
				D87798FD2111383F00611EF1 /* NSArray+MASAdditions.h */,
				D87798FE2111383F00611EF1 /* MASUtilities.h */,
				D87798FF2111383F00611EF1 /* MASViewAttribute.h */,
				D87799002111383F00611EF1 /* ViewController+MASAdditions.m */,
				D87799012111383F00611EF1 /* MASViewConstraint.h */,
				D87799022111383F00611EF1 /* MASConstraint.h */,
				D87799032111383F00611EF1 /* NSLayoutConstraint+MASDebugAdditions.h */,
				D87799042111383F00611EF1 /* MASCompositeConstraint.m */,
				D87799052111383F00611EF1 /* MASConstraintMaker.m */,
				D87799062111383F00611EF1 /* MASLayoutConstraint.m */,
				D87799072111383F00611EF1 /* NSArray+MASAdditions.m */,
				D87799082111383F00611EF1 /* View+MASAdditions.m */,
				D87799092111383F00611EF1 /* View+MASShorthandAdditions.h */,
				D877990A2111383F00611EF1 /* Masonry.h */,
				D877990B2111383F00611EF1 /* MASConstraint.m */,
				D877990C2111383F00611EF1 /* ViewController+MASAdditions.h */,
				D877990D2111383F00611EF1 /* MASViewConstraint.m */,
				D877990E2111383F00611EF1 /* MASViewAttribute.m */,
			);
			path = Masonry;
			sourceTree = "<group>";
		};
		D8EF84672110127E0095F19E /* PageViewController */ = {
			isa = PBXGroup;
			children = (
				D87798F52111383F00611EF1 /* Masonry */,
				D87798E42111383500611EF1 /* WMPageController */,
				D8EF8468211012990095F19E /* page.storyboard */,
				D8EF846A211012C40095F19E /* PHViewController.h */,
				D8EF846B211012C40095F19E /* PHViewController.m */,
				D8623FD921117EA300998D38 /* XCPageViewConfig.h */,
				D8EF847221102E2F0095F19E /* XCPageViewController.h */,
				D8EF847321102E2F0095F19E /* XCPageViewController.m */,
				D8EF84772110342E0095F19E /* FirstTableViewController.h */,
				D8EF84782110342E0095F19E /* FirstTableViewController.m */,
				D8EF84792110342E0095F19E /* FirstTableViewController.xib */,
				D8EF847C2110344A0095F19E /* SecTableViewController.h */,
				D8EF847D2110344A0095F19E /* SecTableViewController.m */,
				D8EF847E2110344A0095F19E /* SecTableViewController.xib */,
				D8779919211139D600611EF1 /* PageScrollerView.h */,
				D877991A211139D600611EF1 /* PageScrollerView.m */,
				D88D70A32115397300858B62 /* WSServerGameDataSource.h */,
				D88D70A42115397300858B62 /* WSServerGameDataSource.m */,
				D88D70A0211537A600858B62 /* WSServerGameCollectionView.h */,
				D88D70A1211537A600858B62 /* WSServerGameCollectionView.m */,
				D88D709B21152F5F00858B62 /* WSServerGameCell.h */,
				D88D709C21152F5F00858B62 /* WSServerGameCell.m */,
				D88D709D21152F5F00858B62 /* WSServerGameCell.xib */,
			);
			path = PageViewController;
			sourceTree = "<group>";
		};
/* End PBXGroup section */

/* Begin PBXNativeTarget section */
		D810797D20FC1EA0000E97CA /* 06-XCWeibo */ = {
			isa = PBXNativeTarget;
			buildConfigurationList = D810799020FC1EA1000E97CA /* Build configuration list for PBXNativeTarget "06-XCWeibo" */;
			buildPhases = (
				0CA05A53DEE8D9A3A66A913B /* [CP] Check Pods Manifest.lock */,
				D810797A20FC1EA0000E97CA /* Sources */,
				D810797B20FC1EA0000E97CA /* Frameworks */,
				D810797C20FC1EA0000E97CA /* Resources */,
			);
			buildRules = (
			);
			dependencies = (
			);
			name = "06-XCWeibo";
			productName = "06-XCWeibo";
			productReference = D810797E20FC1EA0000E97CA /* 06-XCWeibo.app */;
			productType = "com.apple.product-type.application";
		};
		D86CEF2F20FF4120009BB583 /* Objc-UI */ = {
			isa = PBXNativeTarget;
			buildConfigurationList = D86CEF4520FF4121009BB583 /* Build configuration list for PBXNativeTarget "Objc-UI" */;
			buildPhases = (
				7136A68B642D46E824B89532 /* [CP] Check Pods Manifest.lock */,
				D86CEF2C20FF4120009BB583 /* Sources */,
				D86CEF2D20FF4120009BB583 /* Frameworks */,
				D86CEF2E20FF4120009BB583 /* Resources */,
				1F70808A9F751FD2982EB436 /* [CP] Embed Pods Frameworks */,
			);
			buildRules = (
			);
			dependencies = (
			);
			name = "Objc-UI";
			productName = "Objc-UI";
			productReference = D86CEF3020FF4120009BB583 /* Objc-UI.app */;
			productType = "com.apple.product-type.application";
		};
/* End PBXNativeTarget section */

/* Begin PBXProject section */
		D810797620FC1EA0000E97CA /* Project object */ = {
			isa = PBXProject;
			attributes = {
				LastSwiftUpdateCheck = 0940;
				LastUpgradeCheck = 0940;
				ORGANIZATIONNAME = Alexcai;
				TargetAttributes = {
					D810797D20FC1EA0000E97CA = {
						CreatedOnToolsVersion = 9.4.1;
					};
					D86CEF2F20FF4120009BB583 = {
						CreatedOnToolsVersion = 9.4.1;
					};
				};
			};
			buildConfigurationList = D810797920FC1EA0000E97CA /* Build configuration list for PBXProject "06-XCWeibo" */;
			compatibilityVersion = "Xcode 9.3";
			developmentRegion = en;
			hasScannedForEncodings = 0;
			knownRegions = (
				en,
				Base,
			);
			mainGroup = D810797520FC1EA0000E97CA;
			productRefGroup = D810797F20FC1EA0000E97CA /* Products */;
			projectDirPath = "";
			projectRoot = "";
			targets = (
				D810797D20FC1EA0000E97CA /* 06-XCWeibo */,
				D86CEF2F20FF4120009BB583 /* Objc-UI */,
			);
		};
/* End PBXProject section */

/* Begin PBXResourcesBuildPhase section */
		D810797C20FC1EA0000E97CA /* Resources */ = {
			isa = PBXResourcesBuildPhase;
			buildActionMask = 2147483647;
			files = (
				D810798C20FC1EA1000E97CA /* LaunchScreen.storyboard in Resources */,
				D810798920FC1EA1000E97CA /* Assets.xcassets in Resources */,
				D810798720FC1EA0000E97CA /* Main.storyboard in Resources */,
			);
			runOnlyForDeploymentPostprocessing = 0;
		};
		D86CEF2E20FF4120009BB583 /* Resources */ = {
			isa = PBXResourcesBuildPhase;
			buildActionMask = 2147483647;
			files = (
				D87EDEAF210EB53200D09FC1 /* Second.storyboard in Resources */,
				D86CEF3F20FF4121009BB583 /* LaunchScreen.storyboard in Resources */,
				D88D709F21152F5F00858B62 /* WSServerGameCell.xib in Resources */,
				D8EF847B2110342E0095F19E /* FirstTableViewController.xib in Resources */,
				D818D07E210AB5890002C03E /* PersonViewController.xib in Resources */,
				D8EF84802110344A0095F19E /* SecTableViewController.xib in Resources */,
				D86CEF4720FF415F009BB583 /* HelloView.xib in Resources */,
				D8EF8469211012990095F19E /* page.storyboard in Resources */,
				D86CEF3C20FF4121009BB583 /* Assets.xcassets in Resources */,
				D86CEF3A20FF4120009BB583 /* Main.storyboard in Resources */,
			);
			runOnlyForDeploymentPostprocessing = 0;
		};
/* End PBXResourcesBuildPhase section */

/* Begin PBXShellScriptBuildPhase section */
		0CA05A53DEE8D9A3A66A913B /* [CP] Check Pods Manifest.lock */ = {
			isa = PBXShellScriptBuildPhase;
			buildActionMask = 2147483647;
			files = (
			);
			inputPaths = (
				"${PODS_PODFILE_DIR_PATH}/Podfile.lock",
				"${PODS_ROOT}/Manifest.lock",
			);
			name = "[CP] Check Pods Manifest.lock";
			outputPaths = (
				"$(DERIVED_FILE_DIR)/Pods-06-XCWeibo-checkManifestLockResult.txt",
			);
			runOnlyForDeploymentPostprocessing = 0;
			shellPath = /bin/sh;
			shellScript = "diff \"${PODS_PODFILE_DIR_PATH}/Podfile.lock\" \"${PODS_ROOT}/Manifest.lock\" > /dev/null\nif [ $? != 0 ] ; then\n    # print error to STDERR\n    echo \"error: The sandbox is not in sync with the Podfile.lock. Run 'pod install' or update your CocoaPods installation.\" >&2\n    exit 1\nfi\n# This output is used by Xcode 'outputs' to avoid re-running this script phase.\necho \"SUCCESS\" > \"${SCRIPT_OUTPUT_FILE_0}\"\n";
			showEnvVarsInLog = 0;
		};
		1F70808A9F751FD2982EB436 /* [CP] Embed Pods Frameworks */ = {
			isa = PBXShellScriptBuildPhase;
			buildActionMask = 2147483647;
			files = (
			);
			inputPaths = (
				"${SRCROOT}/Pods/Target Support Files/Pods-Objc-UI/Pods-Objc-UI-frameworks.sh",
				"${BUILT_PRODUCTS_DIR}/SDAutoLayout/SDAutoLayout.framework",
			);
			name = "[CP] Embed Pods Frameworks";
			outputPaths = (
				"${TARGET_BUILD_DIR}/${FRAMEWORKS_FOLDER_PATH}/SDAutoLayout.framework",
			);
			runOnlyForDeploymentPostprocessing = 0;
			shellPath = /bin/sh;
			shellScript = "\"${SRCROOT}/Pods/Target Support Files/Pods-Objc-UI/Pods-Objc-UI-frameworks.sh\"\n";
			showEnvVarsInLog = 0;
		};
		7136A68B642D46E824B89532 /* [CP] Check Pods Manifest.lock */ = {
			isa = PBXShellScriptBuildPhase;
			buildActionMask = 2147483647;
			files = (
			);
			inputPaths = (
				"${PODS_PODFILE_DIR_PATH}/Podfile.lock",
				"${PODS_ROOT}/Manifest.lock",
			);
			name = "[CP] Check Pods Manifest.lock";
			outputPaths = (
				"$(DERIVED_FILE_DIR)/Pods-Objc-UI-checkManifestLockResult.txt",
			);
			runOnlyForDeploymentPostprocessing = 0;
			shellPath = /bin/sh;
			shellScript = "diff \"${PODS_PODFILE_DIR_PATH}/Podfile.lock\" \"${PODS_ROOT}/Manifest.lock\" > /dev/null\nif [ $? != 0 ] ; then\n    # print error to STDERR\n    echo \"error: The sandbox is not in sync with the Podfile.lock. Run 'pod install' or update your CocoaPods installation.\" >&2\n    exit 1\nfi\n# This output is used by Xcode 'outputs' to avoid re-running this script phase.\necho \"SUCCESS\" > \"${SCRIPT_OUTPUT_FILE_0}\"\n";
			showEnvVarsInLog = 0;
		};
/* End PBXShellScriptBuildPhase section */

/* Begin PBXSourcesBuildPhase section */
		D810797A20FC1EA0000E97CA /* Sources */ = {
			isa = PBXSourcesBuildPhase;
			buildActionMask = 2147483647;
			files = (
				D810798420FC1EA0000E97CA /* ViewController.swift in Sources */,
				D810798220FC1EA0000E97CA /* AppDelegate.swift in Sources */,
			);
			runOnlyForDeploymentPostprocessing = 0;
		};
		D86CEF2C20FF4120009BB583 /* Sources */ = {
			isa = PBXSourcesBuildPhase;
			buildActionMask = 2147483647;
			files = (
				D87798F32111383500611EF1 /* WMMenuView.m in Sources */,
				D87799182111383F00611EF1 /* MASViewAttribute.m in Sources */,
				D87EDEB2210EB62500D09FC1 /* SecondViewController.m in Sources */,
				D8EF847521102E2F0095F19E /* XCPageViewController.m in Sources */,
				D87798F42111383500611EF1 /* WMProgressView.m in Sources */,
				D877991B211139D600611EF1 /* PageScrollerView.m in Sources */,
				D87798F02111383500611EF1 /* WMPageController.m in Sources */,
				D818D085210ABD6C0002C03E /* TransController.m in Sources */,
				D88D70A2211537A600858B62 /* WSServerGameCollectionView.m in Sources */,
				D87799102111383F00611EF1 /* ViewController+MASAdditions.m in Sources */,
				D86CEF3720FF4120009BB583 /* ViewController.m in Sources */,
				D87799152111383F00611EF1 /* View+MASAdditions.m in Sources */,
				D87799172111383F00611EF1 /* MASViewConstraint.m in Sources */,
				D8EF847F2110344A0095F19E /* SecTableViewController.m in Sources */,
				D87799122111383F00611EF1 /* MASConstraintMaker.m in Sources */,
				D877990F2111383F00611EF1 /* NSLayoutConstraint+MASDebugAdditions.m in Sources */,
				D87799162111383F00611EF1 /* MASConstraint.m in Sources */,
				D87799112111383F00611EF1 /* MASCompositeConstraint.m in Sources */,
				D87799132111383F00611EF1 /* MASLayoutConstraint.m in Sources */,
				D88D709E21152F5F00858B62 /* WSServerGameCell.m in Sources */,
				D86CEF4A20FF417C009BB583 /* HelloView.m in Sources */,
				D87798F22111383500611EF1 /* WMScrollView.m in Sources */,
				D8EF846C211012C40095F19E /* PHViewController.m in Sources */,
				D86CEF4220FF4121009BB583 /* main.m in Sources */,
				D86CEF3420FF4120009BB583 /* AppDelegate.m in Sources */,
				D88D70A52115397300858B62 /* WSServerGameDataSource.m in Sources */,
				D8EF847A2110342E0095F19E /* FirstTableViewController.m in Sources */,
				D87798F12111383500611EF1 /* WMMenuItem.m in Sources */,
				D87799142111383F00611EF1 /* NSArray+MASAdditions.m in Sources */,
				D818D079210AA24A0002C03E /* DemoMan.m in Sources */,
				D818D082210ABA930002C03E /* TransAnimationManager.m in Sources */,
				D818D07D210AB5890002C03E /* PersonViewController.m in Sources */,
			);
			runOnlyForDeploymentPostprocessing = 0;
		};
/* End PBXSourcesBuildPhase section */

/* Begin PBXVariantGroup section */
		D810798520FC1EA0000E97CA /* Main.storyboard */ = {
			isa = PBXVariantGroup;
			children = (
				D810798620FC1EA0000E97CA /* Base */,
			);
			name = Main.storyboard;
			sourceTree = "<group>";
		};
		D810798A20FC1EA1000E97CA /* LaunchScreen.storyboard */ = {
			isa = PBXVariantGroup;
			children = (
				D810798B20FC1EA1000E97CA /* Base */,
			);
			name = LaunchScreen.storyboard;
			sourceTree = "<group>";
		};
		D86CEF3820FF4120009BB583 /* Main.storyboard */ = {
			isa = PBXVariantGroup;
			children = (
				D86CEF3920FF4120009BB583 /* Base */,
			);
			name = Main.storyboard;
			sourceTree = "<group>";
		};
		D86CEF3D20FF4121009BB583 /* LaunchScreen.storyboard */ = {
			isa = PBXVariantGroup;
			children = (
				D86CEF3E20FF4121009BB583 /* Base */,
			);
			name = LaunchScreen.storyboard;
			sourceTree = "<group>";
		};
/* End PBXVariantGroup section */

/* Begin XCBuildConfiguration section */
		D810798E20FC1EA1000E97CA /* Debug */ = {
			isa = XCBuildConfiguration;
			buildSettings = {
				ALWAYS_SEARCH_USER_PATHS = NO;
				CLANG_ANALYZER_NONNULL = YES;
				CLANG_ANALYZER_NUMBER_OBJECT_CONVERSION = YES_AGGRESSIVE;
				CLANG_CXX_LANGUAGE_STANDARD = "gnu++14";
				CLANG_CXX_LIBRARY = "libc++";
				CLANG_ENABLE_MODULES = YES;
				CLANG_ENABLE_OBJC_ARC = YES;
				CLANG_ENABLE_OBJC_WEAK = YES;
				CLANG_WARN_BLOCK_CAPTURE_AUTORELEASING = YES;
				CLANG_WARN_BOOL_CONVERSION = YES;
				CLANG_WARN_COMMA = YES;
				CLANG_WARN_CONSTANT_CONVERSION = YES;
				CLANG_WARN_DEPRECATED_OBJC_IMPLEMENTATIONS = YES;
				CLANG_WARN_DIRECT_OBJC_ISA_USAGE = YES_ERROR;
				CLANG_WARN_DOCUMENTATION_COMMENTS = YES;
				CLANG_WARN_EMPTY_BODY = YES;
				CLANG_WARN_ENUM_CONVERSION = YES;
				CLANG_WARN_INFINITE_RECURSION = YES;
				CLANG_WARN_INT_CONVERSION = YES;
				CLANG_WARN_NON_LITERAL_NULL_CONVERSION = YES;
				CLANG_WARN_OBJC_IMPLICIT_RETAIN_SELF = YES;
				CLANG_WARN_OBJC_LITERAL_CONVERSION = YES;
				CLANG_WARN_OBJC_ROOT_CLASS = YES_ERROR;
				CLANG_WARN_RANGE_LOOP_ANALYSIS = YES;
				CLANG_WARN_STRICT_PROTOTYPES = YES;
				CLANG_WARN_SUSPICIOUS_MOVE = YES;
				CLANG_WARN_UNGUARDED_AVAILABILITY = YES_AGGRESSIVE;
				CLANG_WARN_UNREACHABLE_CODE = YES;
				CLANG_WARN__DUPLICATE_METHOD_MATCH = YES;
				CODE_SIGN_IDENTITY = "iPhone Developer";
				COPY_PHASE_STRIP = NO;
				DEBUG_INFORMATION_FORMAT = dwarf;
				ENABLE_STRICT_OBJC_MSGSEND = YES;
				ENABLE_TESTABILITY = YES;
				GCC_C_LANGUAGE_STANDARD = gnu11;
				GCC_DYNAMIC_NO_PIC = NO;
				GCC_NO_COMMON_BLOCKS = YES;
				GCC_OPTIMIZATION_LEVEL = 0;
				GCC_PREPROCESSOR_DEFINITIONS = (
					"DEBUG=1",
					"$(inherited)",
				);
				GCC_WARN_64_TO_32_BIT_CONVERSION = YES;
				GCC_WARN_ABOUT_RETURN_TYPE = YES_ERROR;
				GCC_WARN_UNDECLARED_SELECTOR = YES;
				GCC_WARN_UNINITIALIZED_AUTOS = YES_AGGRESSIVE;
				GCC_WARN_UNUSED_FUNCTION = YES;
				GCC_WARN_UNUSED_VARIABLE = YES;
				IPHONEOS_DEPLOYMENT_TARGET = 11.4;
				MTL_ENABLE_DEBUG_INFO = YES;
				ONLY_ACTIVE_ARCH = YES;
				SDKROOT = iphoneos;
				SWIFT_ACTIVE_COMPILATION_CONDITIONS = DEBUG;
				SWIFT_OPTIMIZATION_LEVEL = "-Onone";
			};
			name = Debug;
		};
		D810798F20FC1EA1000E97CA /* Release */ = {
			isa = XCBuildConfiguration;
			buildSettings = {
				ALWAYS_SEARCH_USER_PATHS = NO;
				CLANG_ANALYZER_NONNULL = YES;
				CLANG_ANALYZER_NUMBER_OBJECT_CONVERSION = YES_AGGRESSIVE;
				CLANG_CXX_LANGUAGE_STANDARD = "gnu++14";
				CLANG_CXX_LIBRARY = "libc++";
				CLANG_ENABLE_MODULES = YES;
				CLANG_ENABLE_OBJC_ARC = YES;
				CLANG_ENABLE_OBJC_WEAK = YES;
				CLANG_WARN_BLOCK_CAPTURE_AUTORELEASING = YES;
				CLANG_WARN_BOOL_CONVERSION = YES;
				CLANG_WARN_COMMA = YES;
				CLANG_WARN_CONSTANT_CONVERSION = YES;
				CLANG_WARN_DEPRECATED_OBJC_IMPLEMENTATIONS = YES;
				CLANG_WARN_DIRECT_OBJC_ISA_USAGE = YES_ERROR;
				CLANG_WARN_DOCUMENTATION_COMMENTS = YES;
				CLANG_WARN_EMPTY_BODY = YES;
				CLANG_WARN_ENUM_CONVERSION = YES;
				CLANG_WARN_INFINITE_RECURSION = YES;
				CLANG_WARN_INT_CONVERSION = YES;
				CLANG_WARN_NON_LITERAL_NULL_CONVERSION = YES;
				CLANG_WARN_OBJC_IMPLICIT_RETAIN_SELF = YES;
				CLANG_WARN_OBJC_LITERAL_CONVERSION = YES;
				CLANG_WARN_OBJC_ROOT_CLASS = YES_ERROR;
				CLANG_WARN_RANGE_LOOP_ANALYSIS = YES;
				CLANG_WARN_STRICT_PROTOTYPES = YES;
				CLANG_WARN_SUSPICIOUS_MOVE = YES;
				CLANG_WARN_UNGUARDED_AVAILABILITY = YES_AGGRESSIVE;
				CLANG_WARN_UNREACHABLE_CODE = YES;
				CLANG_WARN__DUPLICATE_METHOD_MATCH = YES;
				CODE_SIGN_IDENTITY = "iPhone Developer";
				COPY_PHASE_STRIP = NO;
				DEBUG_INFORMATION_FORMAT = "dwarf-with-dsym";
				ENABLE_NS_ASSERTIONS = NO;
				ENABLE_STRICT_OBJC_MSGSEND = YES;
				GCC_C_LANGUAGE_STANDARD = gnu11;
				GCC_NO_COMMON_BLOCKS = YES;
				GCC_WARN_64_TO_32_BIT_CONVERSION = YES;
				GCC_WARN_ABOUT_RETURN_TYPE = YES_ERROR;
				GCC_WARN_UNDECLARED_SELECTOR = YES;
				GCC_WARN_UNINITIALIZED_AUTOS = YES_AGGRESSIVE;
				GCC_WARN_UNUSED_FUNCTION = YES;
				GCC_WARN_UNUSED_VARIABLE = YES;
				IPHONEOS_DEPLOYMENT_TARGET = 11.4;
				MTL_ENABLE_DEBUG_INFO = NO;
				SDKROOT = iphoneos;
				SWIFT_COMPILATION_MODE = wholemodule;
				SWIFT_OPTIMIZATION_LEVEL = "-O";
				VALIDATE_PRODUCT = YES;
			};
			name = Release;
		};
		D810799120FC1EA1000E97CA /* Debug */ = {
			isa = XCBuildConfiguration;
			baseConfigurationReference = B1917A21A3635FF970CD5A0C /* Pods-06-XCWeibo.debug.xcconfig */;
			buildSettings = {
				ASSETCATALOG_COMPILER_APPICON_NAME = AppIcon;
				CODE_SIGN_STYLE = Automatic;
				INFOPLIST_FILE = "06-XCWeibo/Info.plist";
				LD_RUNPATH_SEARCH_PATHS = (
					"$(inherited)",
					"@executable_path/Frameworks",
				);
				PRODUCT_BUNDLE_IDENTIFIER = "com.alexiuce.-6-XCWeibo";
				PRODUCT_NAME = "$(TARGET_NAME)";
				SWIFT_VERSION = 4.0;
				TARGETED_DEVICE_FAMILY = "1,2";
			};
			name = Debug;
		};
		D810799220FC1EA1000E97CA /* Release */ = {
			isa = XCBuildConfiguration;
			baseConfigurationReference = 25522F0E6853F942C38D4EB7 /* Pods-06-XCWeibo.release.xcconfig */;
			buildSettings = {
				ASSETCATALOG_COMPILER_APPICON_NAME = AppIcon;
				CODE_SIGN_STYLE = Automatic;
				INFOPLIST_FILE = "06-XCWeibo/Info.plist";
				LD_RUNPATH_SEARCH_PATHS = (
					"$(inherited)",
					"@executable_path/Frameworks",
				);
				PRODUCT_BUNDLE_IDENTIFIER = "com.alexiuce.-6-XCWeibo";
				PRODUCT_NAME = "$(TARGET_NAME)";
				SWIFT_VERSION = 4.0;
				TARGETED_DEVICE_FAMILY = "1,2";
			};
			name = Release;
		};
		D86CEF4320FF4121009BB583 /* Debug */ = {
			isa = XCBuildConfiguration;
			baseConfigurationReference = 5AA470079CB4336B4FE921D5 /* Pods-Objc-UI.debug.xcconfig */;
			buildSettings = {
				ASSETCATALOG_COMPILER_APPICON_NAME = AppIcon;
				CODE_SIGN_STYLE = Automatic;
				DEVELOPMENT_TEAM = 57SDN968Q2;
				INFOPLIST_FILE = "Objc-UI/Info.plist";
				IPHONEOS_DEPLOYMENT_TARGET = 9.0;
				LD_RUNPATH_SEARCH_PATHS = (
					"$(inherited)",
					"@executable_path/Frameworks",
				);
				PRODUCT_BUNDLE_IDENTIFIER = "com.alexiuce.Objc-UI";
				PRODUCT_NAME = "$(TARGET_NAME)";
				TARGETED_DEVICE_FAMILY = 1;
			};
			name = Debug;
		};
		D86CEF4420FF4121009BB583 /* Release */ = {
			isa = XCBuildConfiguration;
			baseConfigurationReference = 6581CC2A01465FD1D8B64CE2 /* Pods-Objc-UI.release.xcconfig */;
			buildSettings = {
				ASSETCATALOG_COMPILER_APPICON_NAME = AppIcon;
				CODE_SIGN_STYLE = Automatic;
				DEVELOPMENT_TEAM = 57SDN968Q2;
				INFOPLIST_FILE = "Objc-UI/Info.plist";
				IPHONEOS_DEPLOYMENT_TARGET = 9.0;
				LD_RUNPATH_SEARCH_PATHS = (
					"$(inherited)",
					"@executable_path/Frameworks",
				);
				PRODUCT_BUNDLE_IDENTIFIER = "com.alexiuce.Objc-UI";
				PRODUCT_NAME = "$(TARGET_NAME)";
				TARGETED_DEVICE_FAMILY = 1;
			};
			name = Release;
		};
/* End XCBuildConfiguration section */

/* Begin XCConfigurationList section */
		D810797920FC1EA0000E97CA /* Build configuration list for PBXProject "06-XCWeibo" */ = {
			isa = XCConfigurationList;
			buildConfigurations = (
				D810798E20FC1EA1000E97CA /* Debug */,
				D810798F20FC1EA1000E97CA /* Release */,
			);
			defaultConfigurationIsVisible = 0;
			defaultConfigurationName = Release;
		};
		D810799020FC1EA1000E97CA /* Build configuration list for PBXNativeTarget "06-XCWeibo" */ = {
			isa = XCConfigurationList;
			buildConfigurations = (
				D810799120FC1EA1000E97CA /* Debug */,
				D810799220FC1EA1000E97CA /* Release */,
			);
			defaultConfigurationIsVisible = 0;
			defaultConfigurationName = Release;
		};
		D86CEF4520FF4121009BB583 /* Build configuration list for PBXNativeTarget "Objc-UI" */ = {
			isa = XCConfigurationList;
			buildConfigurations = (
				D86CEF4320FF4121009BB583 /* Debug */,
				D86CEF4420FF4121009BB583 /* Release */,
			);
			defaultConfigurationIsVisible = 0;
			defaultConfigurationName = Release;
		};
/* End XCConfigurationList section */
	};
	rootObject = D810797620FC1EA0000E97CA /* Project object */;
}
