// !$*UTF8*$!
{
	archiveVersion = 1;
	classes = {
	};
	objectVersion = 50;
	objects = {

/* Begin PBXBuildFile section */
		61922D50548995F5621ED65F /* libPods-ObjcUI.a in Frameworks */ = {isa = PBXBuildFile; fileRef = A3C30D09AEAB2058676E579C /* libPods-ObjcUI.a */; };
		D816AF81218EFEB8007238CA /* XCCovarantObj.m in Sources */ = {isa = PBXBuildFile; fileRef = D816AF80218EFEB8007238CA /* XCCovarantObj.m */; };
		D816AF84218EFEED007238CA /* XCCorvarantViewController.m in Sources */ = {isa = PBXBuildFile; fileRef = D816AF83218EFEED007238CA /* XCCorvarantViewController.m */; };
		D816AF86218F005F007238CA /* Covarant.storyboard in Resources */ = {isa = PBXBuildFile; fileRef = D816AF85218F005F007238CA /* Covarant.storyboard */; };
		D81B9D062185D16F00066F8C /* XCUserInfoTool.m in Sources */ = {isa = PBXBuildFile; fileRef = D81B9D052185D16F00066F8C /* XCUserInfoTool.m */; };
		D830225B21868C0700AB47FB /* XCLifeCycleViewController.m in Sources */ = {isa = PBXBuildFile; fileRef = D830225A21868C0700AB47FB /* XCLifeCycleViewController.m */; };
		D830225D21868C3800AB47FB /* LifeCycle.storyboard in Resources */ = {isa = PBXBuildFile; fileRef = D830225C21868C3800AB47FB /* LifeCycle.storyboard */; };
		D830226021868D2800AB47FB /* XCLifeOneViewController.m in Sources */ = {isa = PBXBuildFile; fileRef = D830225F21868D2800AB47FB /* XCLifeOneViewController.m */; };
		D830226321868D3600AB47FB /* XCLifeTwoViewController.m in Sources */ = {isa = PBXBuildFile; fileRef = D830226221868D3600AB47FB /* XCLifeTwoViewController.m */; };
		D830226621868D4600AB47FB /* XCLifeThreeViewController.m in Sources */ = {isa = PBXBuildFile; fileRef = D830226521868D4600AB47FB /* XCLifeThreeViewController.m */; };
		D835A2862193B7E200881A53 /* XCConfuseViewController.m in Sources */ = {isa = PBXBuildFile; fileRef = D835A2852193B7E200881A53 /* XCConfuseViewController.m */; };
		D835A2882193B82700881A53 /* XCConfuseFunc.plist in Resources */ = {isa = PBXBuildFile; fileRef = D835A2872193B82700881A53 /* XCConfuseFunc.plist */; };
		D8399373218A859F0044888A /* RedDot.storyboard in Resources */ = {isa = PBXBuildFile; fileRef = D8399372218A859F0044888A /* RedDot.storyboard */; };
		D8399376218A85AD0044888A /* XCRedDotViewController.m in Sources */ = {isa = PBXBuildFile; fileRef = D8399375218A85AD0044888A /* XCRedDotViewController.m */; };
		D864B88E218929EE00FDFB6D /* XCBlockStructViewController.m in Sources */ = {isa = PBXBuildFile; fileRef = D864B88D218929EE00FDFB6D /* XCBlockStructViewController.m */; };
		D864B890218929FB00FDFB6D /* BlockStruct.storyboard in Resources */ = {isa = PBXBuildFile; fileRef = D864B88F218929FB00FDFB6D /* BlockStruct.storyboard */; };
		D865D8DD2184762A00F6B1E2 /* ReplicatorLayer.storyboard in Resources */ = {isa = PBXBuildFile; fileRef = D865D8DC2184762A00F6B1E2 /* ReplicatorLayer.storyboard */; };
		D865D8E02184765F00F6B1E2 /* XCReplicatorLayerViewController.m in Sources */ = {isa = PBXBuildFile; fileRef = D865D8DF2184765F00F6B1E2 /* XCReplicatorLayerViewController.m */; };
		D865D8E421847C1C00F6B1E2 /* XCMusicManagerViewController.m in Sources */ = {isa = PBXBuildFile; fileRef = D865D8E321847C1C00F6B1E2 /* XCMusicManagerViewController.m */; };
		D865D8E621847C2C00F6B1E2 /* MusicManager.storyboard in Resources */ = {isa = PBXBuildFile; fileRef = D865D8E521847C2C00F6B1E2 /* MusicManager.storyboard */; };
		D865D8E921847C8400F6B1E2 /* XCMusicManager.m in Sources */ = {isa = PBXBuildFile; fileRef = D865D8E821847C8400F6B1E2 /* XCMusicManager.m */; };
		D86A9E29218293A200BD30EF /* AppDelegate.m in Sources */ = {isa = PBXBuildFile; fileRef = D86A9E28218293A200BD30EF /* AppDelegate.m */; };
		D86A9E2F218293A200BD30EF /* Main.storyboard in Resources */ = {isa = PBXBuildFile; fileRef = D86A9E2D218293A200BD30EF /* Main.storyboard */; };
		D86A9E31218293A300BD30EF /* Assets.xcassets in Resources */ = {isa = PBXBuildFile; fileRef = D86A9E30218293A300BD30EF /* Assets.xcassets */; };
		D86A9E34218293A300BD30EF /* LaunchScreen.storyboard in Resources */ = {isa = PBXBuildFile; fileRef = D86A9E32218293A300BD30EF /* LaunchScreen.storyboard */; };
		D86A9E37218293A300BD30EF /* main.m in Sources */ = {isa = PBXBuildFile; fileRef = D86A9E36218293A300BD30EF /* main.m */; };
		D86A9E41218293A300BD30EF /* ObjcUITests.m in Sources */ = {isa = PBXBuildFile; fileRef = D86A9E40218293A300BD30EF /* ObjcUITests.m */; };
		D86A9E512182950C00BD30EF /* XCFlowLayoutViewController.m in Sources */ = {isa = PBXBuildFile; fileRef = D86A9E502182950C00BD30EF /* XCFlowLayoutViewController.m */; };
		D86A9E532182951E00BD30EF /* XCFlowLayout.storyboard in Resources */ = {isa = PBXBuildFile; fileRef = D86A9E522182951E00BD30EF /* XCFlowLayout.storyboard */; };
		D88FB6D62191126200A80076 /* TabBarIphoneX.storyboard in Resources */ = {isa = PBXBuildFile; fileRef = D88FB6D52191126200A80076 /* TabBarIphoneX.storyboard */; };
		D88FB6D92191128500A80076 /* XCHomeViewController.m in Sources */ = {isa = PBXBuildFile; fileRef = D88FB6D82191128500A80076 /* XCHomeViewController.m */; };
		D88FB6DC2191129D00A80076 /* XCTabBarViewController.m in Sources */ = {isa = PBXBuildFile; fileRef = D88FB6DB2191129D00A80076 /* XCTabBarViewController.m */; };
		D88FB6DF219112B700A80076 /* XCNavigationViewController.m in Sources */ = {isa = PBXBuildFile; fileRef = D88FB6DE219112B700A80076 /* XCNavigationViewController.m */; };
		D88FB6E2219117DC00A80076 /* XCIphoneXTabBar.m in Sources */ = {isa = PBXBuildFile; fileRef = D88FB6E1219117DC00A80076 /* XCIphoneXTabBar.m */; };
		D891920F2187DED800F2F36D /* XCOriginDataModel.m in Sources */ = {isa = PBXBuildFile; fileRef = D891920E2187DED800F2F36D /* XCOriginDataModel.m */; };
		D8926B54218BD76800775246 /* XCInlineObj.m in Sources */ = {isa = PBXBuildFile; fileRef = D8926B53218BD76800775246 /* XCInlineObj.m */; };
		D8C955E02186E1180093B39E /* DataModel.storyboard in Resources */ = {isa = PBXBuildFile; fileRef = D8C955DF2186E1180093B39E /* DataModel.storyboard */; };
		D8C955E32186E1300093B39E /* XCDataModelViewController.m in Sources */ = {isa = PBXBuildFile; fileRef = D8C955E22186E1300093B39E /* XCDataModelViewController.m */; };
		D8C955E62186E18E0093B39E /* XCDataModelManager.m in Sources */ = {isa = PBXBuildFile; fileRef = D8C955E52186E18E0093B39E /* XCDataModelManager.m */; };
		D8C955E92186E1A00093B39E /* XCDataModel.m in Sources */ = {isa = PBXBuildFile; fileRef = D8C955E82186E1A00093B39E /* XCDataModel.m */; };
/* End PBXBuildFile section */

/* Begin PBXContainerItemProxy section */
		D86A9E3D218293A300BD30EF /* PBXContainerItemProxy */ = {
			isa = PBXContainerItemProxy;
			containerPortal = D86A9E1C218293A200BD30EF /* Project object */;
			proxyType = 1;
			remoteGlobalIDString = D86A9E23218293A200BD30EF;
			remoteInfo = ObjcUI;
		};
/* End PBXContainerItemProxy section */

/* Begin PBXFileReference section */
		08AC835F56D1AB5A8B0F2F5D /* Pods-ObjcUI.debug.xcconfig */ = {isa = PBXFileReference; includeInIndex = 1; lastKnownFileType = text.xcconfig; name = "Pods-ObjcUI.debug.xcconfig"; path = "Pods/Target Support Files/Pods-ObjcUI/Pods-ObjcUI.debug.xcconfig"; sourceTree = "<group>"; };
		3C3497181E933147B7FB1C10 /* libPods-ObjcUITests.a */ = {isa = PBXFileReference; explicitFileType = archive.ar; includeInIndex = 0; path = "libPods-ObjcUITests.a"; sourceTree = BUILT_PRODUCTS_DIR; };
		A3C30D09AEAB2058676E579C /* libPods-ObjcUI.a */ = {isa = PBXFileReference; explicitFileType = archive.ar; includeInIndex = 0; path = "libPods-ObjcUI.a"; sourceTree = BUILT_PRODUCTS_DIR; };
		D816AF7F218EFEB8007238CA /* XCCovarantObj.h */ = {isa = PBXFileReference; lastKnownFileType = sourcecode.c.h; path = XCCovarantObj.h; sourceTree = "<group>"; };
		D816AF80218EFEB8007238CA /* XCCovarantObj.m */ = {isa = PBXFileReference; lastKnownFileType = sourcecode.c.objc; path = XCCovarantObj.m; sourceTree = "<group>"; };
		D816AF82218EFEED007238CA /* XCCorvarantViewController.h */ = {isa = PBXFileReference; lastKnownFileType = sourcecode.c.h; path = XCCorvarantViewController.h; sourceTree = "<group>"; };
		D816AF83218EFEED007238CA /* XCCorvarantViewController.m */ = {isa = PBXFileReference; lastKnownFileType = sourcecode.c.objc; path = XCCorvarantViewController.m; sourceTree = "<group>"; };
		D816AF85218F005F007238CA /* Covarant.storyboard */ = {isa = PBXFileReference; lastKnownFileType = file.storyboard; path = Covarant.storyboard; sourceTree = "<group>"; };
		D81B9D042185D16F00066F8C /* XCUserInfoTool.h */ = {isa = PBXFileReference; lastKnownFileType = sourcecode.c.h; path = XCUserInfoTool.h; sourceTree = "<group>"; };
		D81B9D052185D16F00066F8C /* XCUserInfoTool.m */ = {isa = PBXFileReference; lastKnownFileType = sourcecode.c.objc; path = XCUserInfoTool.m; sourceTree = "<group>"; };
		D830225921868C0700AB47FB /* XCLifeCycleViewController.h */ = {isa = PBXFileReference; lastKnownFileType = sourcecode.c.h; path = XCLifeCycleViewController.h; sourceTree = "<group>"; };
		D830225A21868C0700AB47FB /* XCLifeCycleViewController.m */ = {isa = PBXFileReference; lastKnownFileType = sourcecode.c.objc; path = XCLifeCycleViewController.m; sourceTree = "<group>"; };
		D830225C21868C3800AB47FB /* LifeCycle.storyboard */ = {isa = PBXFileReference; lastKnownFileType = file.storyboard; path = LifeCycle.storyboard; sourceTree = "<group>"; };
		D830225E21868D2800AB47FB /* XCLifeOneViewController.h */ = {isa = PBXFileReference; lastKnownFileType = sourcecode.c.h; path = XCLifeOneViewController.h; sourceTree = "<group>"; };
		D830225F21868D2800AB47FB /* XCLifeOneViewController.m */ = {isa = PBXFileReference; lastKnownFileType = sourcecode.c.objc; path = XCLifeOneViewController.m; sourceTree = "<group>"; };
		D830226121868D3600AB47FB /* XCLifeTwoViewController.h */ = {isa = PBXFileReference; lastKnownFileType = sourcecode.c.h; path = XCLifeTwoViewController.h; sourceTree = "<group>"; };
		D830226221868D3600AB47FB /* XCLifeTwoViewController.m */ = {isa = PBXFileReference; lastKnownFileType = sourcecode.c.objc; path = XCLifeTwoViewController.m; sourceTree = "<group>"; };
		D830226421868D4600AB47FB /* XCLifeThreeViewController.h */ = {isa = PBXFileReference; lastKnownFileType = sourcecode.c.h; path = XCLifeThreeViewController.h; sourceTree = "<group>"; };
		D830226521868D4600AB47FB /* XCLifeThreeViewController.m */ = {isa = PBXFileReference; lastKnownFileType = sourcecode.c.objc; path = XCLifeThreeViewController.m; sourceTree = "<group>"; };
		D835A2842193B7E200881A53 /* XCConfuseViewController.h */ = {isa = PBXFileReference; lastKnownFileType = sourcecode.c.h; path = XCConfuseViewController.h; sourceTree = "<group>"; };
		D835A2852193B7E200881A53 /* XCConfuseViewController.m */ = {isa = PBXFileReference; lastKnownFileType = sourcecode.c.objc; path = XCConfuseViewController.m; sourceTree = "<group>"; };
		D835A2872193B82700881A53 /* XCConfuseFunc.plist */ = {isa = PBXFileReference; lastKnownFileType = text.plist.xml; path = XCConfuseFunc.plist; sourceTree = "<group>"; };
		D835A2892193B84300881A53 /* XCConfuseRun.sh */ = {isa = PBXFileReference; lastKnownFileType = text.script.sh; path = XCConfuseRun.sh; sourceTree = "<group>"; };
		D8399372218A859F0044888A /* RedDot.storyboard */ = {isa = PBXFileReference; lastKnownFileType = file.storyboard; path = RedDot.storyboard; sourceTree = "<group>"; };
		D8399374218A85AD0044888A /* XCRedDotViewController.h */ = {isa = PBXFileReference; lastKnownFileType = sourcecode.c.h; path = XCRedDotViewController.h; sourceTree = "<group>"; };
		D8399375218A85AD0044888A /* XCRedDotViewController.m */ = {isa = PBXFileReference; lastKnownFileType = sourcecode.c.objc; path = XCRedDotViewController.m; sourceTree = "<group>"; };
		D864B88C218929EE00FDFB6D /* XCBlockStructViewController.h */ = {isa = PBXFileReference; lastKnownFileType = sourcecode.c.h; path = XCBlockStructViewController.h; sourceTree = "<group>"; };
		D864B88D218929EE00FDFB6D /* XCBlockStructViewController.m */ = {isa = PBXFileReference; lastKnownFileType = sourcecode.c.objc; path = XCBlockStructViewController.m; sourceTree = "<group>"; };
		D864B88F218929FB00FDFB6D /* BlockStruct.storyboard */ = {isa = PBXFileReference; lastKnownFileType = file.storyboard; path = BlockStruct.storyboard; sourceTree = "<group>"; };
		D865D8DC2184762A00F6B1E2 /* ReplicatorLayer.storyboard */ = {isa = PBXFileReference; lastKnownFileType = file.storyboard; path = ReplicatorLayer.storyboard; sourceTree = "<group>"; };
		D865D8DE2184765F00F6B1E2 /* XCReplicatorLayerViewController.h */ = {isa = PBXFileReference; lastKnownFileType = sourcecode.c.h; path = XCReplicatorLayerViewController.h; sourceTree = "<group>"; };
		D865D8DF2184765F00F6B1E2 /* XCReplicatorLayerViewController.m */ = {isa = PBXFileReference; lastKnownFileType = sourcecode.c.objc; path = XCReplicatorLayerViewController.m; sourceTree = "<group>"; };
		D865D8E221847C1C00F6B1E2 /* XCMusicManagerViewController.h */ = {isa = PBXFileReference; lastKnownFileType = sourcecode.c.h; path = XCMusicManagerViewController.h; sourceTree = "<group>"; };
		D865D8E321847C1C00F6B1E2 /* XCMusicManagerViewController.m */ = {isa = PBXFileReference; lastKnownFileType = sourcecode.c.objc; path = XCMusicManagerViewController.m; sourceTree = "<group>"; };
		D865D8E521847C2C00F6B1E2 /* MusicManager.storyboard */ = {isa = PBXFileReference; lastKnownFileType = file.storyboard; path = MusicManager.storyboard; sourceTree = "<group>"; };
		D865D8E721847C8400F6B1E2 /* XCMusicManager.h */ = {isa = PBXFileReference; lastKnownFileType = sourcecode.c.h; path = XCMusicManager.h; sourceTree = "<group>"; };
		D865D8E821847C8400F6B1E2 /* XCMusicManager.m */ = {isa = PBXFileReference; lastKnownFileType = sourcecode.c.objc; path = XCMusicManager.m; sourceTree = "<group>"; };
		D86A9E24218293A200BD30EF /* ObjcUI.app */ = {isa = PBXFileReference; explicitFileType = wrapper.application; includeInIndex = 0; path = ObjcUI.app; sourceTree = BUILT_PRODUCTS_DIR; };
		D86A9E27218293A200BD30EF /* AppDelegate.h */ = {isa = PBXFileReference; lastKnownFileType = sourcecode.c.h; path = AppDelegate.h; sourceTree = "<group>"; };
		D86A9E28218293A200BD30EF /* AppDelegate.m */ = {isa = PBXFileReference; lastKnownFileType = sourcecode.c.objc; path = AppDelegate.m; sourceTree = "<group>"; };
		D86A9E2E218293A200BD30EF /* Base */ = {isa = PBXFileReference; lastKnownFileType = file.storyboard; name = Base; path = Base.lproj/Main.storyboard; sourceTree = "<group>"; };
		D86A9E30218293A300BD30EF /* Assets.xcassets */ = {isa = PBXFileReference; lastKnownFileType = folder.assetcatalog; path = Assets.xcassets; sourceTree = "<group>"; };
		D86A9E33218293A300BD30EF /* Base */ = {isa = PBXFileReference; lastKnownFileType = file.storyboard; name = Base; path = Base.lproj/LaunchScreen.storyboard; sourceTree = "<group>"; };
		D86A9E35218293A300BD30EF /* Info.plist */ = {isa = PBXFileReference; lastKnownFileType = text.plist.xml; path = Info.plist; sourceTree = "<group>"; };
		D86A9E36218293A300BD30EF /* main.m */ = {isa = PBXFileReference; lastKnownFileType = sourcecode.c.objc; path = main.m; sourceTree = "<group>"; };
		D86A9E3C218293A300BD30EF /* ObjcUITests.xctest */ = {isa = PBXFileReference; explicitFileType = wrapper.cfbundle; includeInIndex = 0; path = ObjcUITests.xctest; sourceTree = BUILT_PRODUCTS_DIR; };
		D86A9E40218293A300BD30EF /* ObjcUITests.m */ = {isa = PBXFileReference; lastKnownFileType = sourcecode.c.objc; path = ObjcUITests.m; sourceTree = "<group>"; };
		D86A9E42218293A300BD30EF /* Info.plist */ = {isa = PBXFileReference; lastKnownFileType = text.plist.xml; path = Info.plist; sourceTree = "<group>"; };
		D86A9E4F2182950C00BD30EF /* XCFlowLayoutViewController.h */ = {isa = PBXFileReference; lastKnownFileType = sourcecode.c.h; path = XCFlowLayoutViewController.h; sourceTree = "<group>"; };
		D86A9E502182950C00BD30EF /* XCFlowLayoutViewController.m */ = {isa = PBXFileReference; lastKnownFileType = sourcecode.c.objc; path = XCFlowLayoutViewController.m; sourceTree = "<group>"; };
		D86A9E522182951E00BD30EF /* XCFlowLayout.storyboard */ = {isa = PBXFileReference; lastKnownFileType = file.storyboard; path = XCFlowLayout.storyboard; sourceTree = "<group>"; };
		D88FB6D52191126200A80076 /* TabBarIphoneX.storyboard */ = {isa = PBXFileReference; lastKnownFileType = file.storyboard; path = TabBarIphoneX.storyboard; sourceTree = "<group>"; };
		D88FB6D72191128500A80076 /* XCHomeViewController.h */ = {isa = PBXFileReference; lastKnownFileType = sourcecode.c.h; path = XCHomeViewController.h; sourceTree = "<group>"; };
		D88FB6D82191128500A80076 /* XCHomeViewController.m */ = {isa = PBXFileReference; lastKnownFileType = sourcecode.c.objc; path = XCHomeViewController.m; sourceTree = "<group>"; };
		D88FB6DA2191129D00A80076 /* XCTabBarViewController.h */ = {isa = PBXFileReference; lastKnownFileType = sourcecode.c.h; path = XCTabBarViewController.h; sourceTree = "<group>"; };
		D88FB6DB2191129D00A80076 /* XCTabBarViewController.m */ = {isa = PBXFileReference; lastKnownFileType = sourcecode.c.objc; path = XCTabBarViewController.m; sourceTree = "<group>"; };
		D88FB6DD219112B700A80076 /* XCNavigationViewController.h */ = {isa = PBXFileReference; lastKnownFileType = sourcecode.c.h; path = XCNavigationViewController.h; sourceTree = "<group>"; };
		D88FB6DE219112B700A80076 /* XCNavigationViewController.m */ = {isa = PBXFileReference; lastKnownFileType = sourcecode.c.objc; path = XCNavigationViewController.m; sourceTree = "<group>"; };
		D88FB6E0219117DC00A80076 /* XCIphoneXTabBar.h */ = {isa = PBXFileReference; lastKnownFileType = sourcecode.c.h; path = XCIphoneXTabBar.h; sourceTree = "<group>"; };
		D88FB6E1219117DC00A80076 /* XCIphoneXTabBar.m */ = {isa = PBXFileReference; lastKnownFileType = sourcecode.c.objc; path = XCIphoneXTabBar.m; sourceTree = "<group>"; };
		D891920D2187DED800F2F36D /* XCOriginDataModel.h */ = {isa = PBXFileReference; lastKnownFileType = sourcecode.c.h; path = XCOriginDataModel.h; sourceTree = "<group>"; };
		D891920E2187DED800F2F36D /* XCOriginDataModel.m */ = {isa = PBXFileReference; lastKnownFileType = sourcecode.c.objc; path = XCOriginDataModel.m; sourceTree = "<group>"; };
		D8926B52218BD76800775246 /* XCInlineObj.h */ = {isa = PBXFileReference; lastKnownFileType = sourcecode.c.h; path = XCInlineObj.h; sourceTree = "<group>"; };
		D8926B53218BD76800775246 /* XCInlineObj.m */ = {isa = PBXFileReference; lastKnownFileType = sourcecode.c.objc; path = XCInlineObj.m; sourceTree = "<group>"; };
		D8C955DF2186E1180093B39E /* DataModel.storyboard */ = {isa = PBXFileReference; lastKnownFileType = file.storyboard; path = DataModel.storyboard; sourceTree = "<group>"; };
		D8C955E12186E1300093B39E /* XCDataModelViewController.h */ = {isa = PBXFileReference; lastKnownFileType = sourcecode.c.h; path = XCDataModelViewController.h; sourceTree = "<group>"; };
		D8C955E22186E1300093B39E /* XCDataModelViewController.m */ = {isa = PBXFileReference; lastKnownFileType = sourcecode.c.objc; path = XCDataModelViewController.m; sourceTree = "<group>"; };
		D8C955E42186E18E0093B39E /* XCDataModelManager.h */ = {isa = PBXFileReference; lastKnownFileType = sourcecode.c.h; path = XCDataModelManager.h; sourceTree = "<group>"; };
		D8C955E52186E18E0093B39E /* XCDataModelManager.m */ = {isa = PBXFileReference; lastKnownFileType = sourcecode.c.objc; path = XCDataModelManager.m; sourceTree = "<group>"; };
		D8C955E72186E1A00093B39E /* XCDataModel.h */ = {isa = PBXFileReference; lastKnownFileType = sourcecode.c.h; path = XCDataModel.h; sourceTree = "<group>"; };
		D8C955E82186E1A00093B39E /* XCDataModel.m */ = {isa = PBXFileReference; lastKnownFileType = sourcecode.c.objc; path = XCDataModel.m; sourceTree = "<group>"; };
		DBE99EA355EF211AB75D0005 /* Pods-ObjcUI.release.xcconfig */ = {isa = PBXFileReference; includeInIndex = 1; lastKnownFileType = text.xcconfig; name = "Pods-ObjcUI.release.xcconfig"; path = "Pods/Target Support Files/Pods-ObjcUI/Pods-ObjcUI.release.xcconfig"; sourceTree = "<group>"; };
/* End PBXFileReference section */

/* Begin PBXFrameworksBuildPhase section */
		D86A9E21218293A200BD30EF /* Frameworks */ = {
			isa = PBXFrameworksBuildPhase;
			buildActionMask = 2147483647;
			files = (
				61922D50548995F5621ED65F /* libPods-ObjcUI.a in Frameworks */,
			);
			runOnlyForDeploymentPostprocessing = 0;
		};
		D86A9E39218293A300BD30EF /* Frameworks */ = {
			isa = PBXFrameworksBuildPhase;
			buildActionMask = 2147483647;
			files = (
			);
			runOnlyForDeploymentPostprocessing = 0;
		};
/* End PBXFrameworksBuildPhase section */

/* Begin PBXGroup section */
		52C92A6E5E568A08450739EE /* Pods */ = {
			isa = PBXGroup;
			children = (
				08AC835F56D1AB5A8B0F2F5D /* Pods-ObjcUI.debug.xcconfig */,
				DBE99EA355EF211AB75D0005 /* Pods-ObjcUI.release.xcconfig */,
			);
			name = Pods;
			sourceTree = "<group>";
		};
		894B49C6CDFD1CF2CDA31CE6 /* Frameworks */ = {
			isa = PBXGroup;
			children = (
				A3C30D09AEAB2058676E579C /* libPods-ObjcUI.a */,
				3C3497181E933147B7FB1C10 /* libPods-ObjcUITests.a */,
			);
			name = Frameworks;
			sourceTree = "<group>";
		};
		D816AF7A218EFD60007238CA /* XCCovariant */ = {
			isa = PBXGroup;
			children = (
				D816AF7F218EFEB8007238CA /* XCCovarantObj.h */,
				D816AF80218EFEB8007238CA /* XCCovarantObj.m */,
				D816AF82218EFEED007238CA /* XCCorvarantViewController.h */,
				D816AF83218EFEED007238CA /* XCCorvarantViewController.m */,
				D816AF85218F005F007238CA /* Covarant.storyboard */,
			);
			path = XCCovariant;
			sourceTree = "<group>";
		};
		D830225821868BDB00AB47FB /* XCControllerLifeCycle */ = {
			isa = PBXGroup;
			children = (
				D830225921868C0700AB47FB /* XCLifeCycleViewController.h */,
				D830225A21868C0700AB47FB /* XCLifeCycleViewController.m */,
				D830225E21868D2800AB47FB /* XCLifeOneViewController.h */,
				D830225F21868D2800AB47FB /* XCLifeOneViewController.m */,
				D830226121868D3600AB47FB /* XCLifeTwoViewController.h */,
				D830226221868D3600AB47FB /* XCLifeTwoViewController.m */,
				D830226421868D4600AB47FB /* XCLifeThreeViewController.h */,
				D830226521868D4600AB47FB /* XCLifeThreeViewController.m */,
				D830225C21868C3800AB47FB /* LifeCycle.storyboard */,
			);
			path = XCControllerLifeCycle;
			sourceTree = "<group>";
		};
		D835A2832193B59600881A53 /* XCConfuse */ = {
			isa = PBXGroup;
			children = (
				D835A2842193B7E200881A53 /* XCConfuseViewController.h */,
				D835A2852193B7E200881A53 /* XCConfuseViewController.m */,
				D835A2872193B82700881A53 /* XCConfuseFunc.plist */,
				D835A2892193B84300881A53 /* XCConfuseRun.sh */,
			);
			path = XCConfuse;
			sourceTree = "<group>";
		};
		D8399371218A85880044888A /* XCRedDot */ = {
			isa = PBXGroup;
			children = (
				D8399372218A859F0044888A /* RedDot.storyboard */,
				D8399374218A85AD0044888A /* XCRedDotViewController.h */,
				D8399375218A85AD0044888A /* XCRedDotViewController.m */,
				D8926B52218BD76800775246 /* XCInlineObj.h */,
				D8926B53218BD76800775246 /* XCInlineObj.m */,
			);
			path = XCRedDot;
			sourceTree = "<group>";
		};
		D864B88B218929C200FDFB6D /* XCBlockStruct */ = {
			isa = PBXGroup;
			children = (
				D864B88C218929EE00FDFB6D /* XCBlockStructViewController.h */,
				D864B88D218929EE00FDFB6D /* XCBlockStructViewController.m */,
				D864B88F218929FB00FDFB6D /* BlockStruct.storyboard */,
			);
			path = XCBlockStruct;
			sourceTree = "<group>";
		};
		D865D8DB218475F400F6B1E2 /* XCReplicatorLayer */ = {
			isa = PBXGroup;
			children = (
				D865D8DC2184762A00F6B1E2 /* ReplicatorLayer.storyboard */,
				D865D8DE2184765F00F6B1E2 /* XCReplicatorLayerViewController.h */,
				D865D8DF2184765F00F6B1E2 /* XCReplicatorLayerViewController.m */,
			);
			path = XCReplicatorLayer;
			sourceTree = "<group>";
		};
		D865D8E121847BF300F6B1E2 /* XCMuiscManage */ = {
			isa = PBXGroup;
			children = (
				D865D8E221847C1C00F6B1E2 /* XCMusicManagerViewController.h */,
				D865D8E321847C1C00F6B1E2 /* XCMusicManagerViewController.m */,
				D865D8E521847C2C00F6B1E2 /* MusicManager.storyboard */,
				D865D8E721847C8400F6B1E2 /* XCMusicManager.h */,
				D865D8E821847C8400F6B1E2 /* XCMusicManager.m */,
				D81B9D042185D16F00066F8C /* XCUserInfoTool.h */,
				D81B9D052185D16F00066F8C /* XCUserInfoTool.m */,
			);
			path = XCMuiscManage;
			sourceTree = "<group>";
		};
		D86A9E1B218293A200BD30EF = {
			isa = PBXGroup;
			children = (
				D86A9E26218293A200BD30EF /* ObjcUI */,
				D86A9E3F218293A300BD30EF /* ObjcUITests */,
				D86A9E25218293A200BD30EF /* Products */,
				52C92A6E5E568A08450739EE /* Pods */,
				894B49C6CDFD1CF2CDA31CE6 /* Frameworks */,
			);
			sourceTree = "<group>";
		};
		D86A9E25218293A200BD30EF /* Products */ = {
			isa = PBXGroup;
			children = (
				D86A9E24218293A200BD30EF /* ObjcUI.app */,
				D86A9E3C218293A300BD30EF /* ObjcUITests.xctest */,
			);
			name = Products;
			sourceTree = "<group>";
		};
		D86A9E26218293A200BD30EF /* ObjcUI */ = {
			isa = PBXGroup;
			children = (
				D86A9E4D218294C200BD30EF /* Classes */,
				D86A9E4B218293DC00BD30EF /* AppDelegate */,
				D86A9E4C218293F200BD30EF /* SupportFiles */,
				D86A9E30218293A300BD30EF /* Assets.xcassets */,
			);
			path = ObjcUI;
			sourceTree = "<group>";
		};
		D86A9E3F218293A300BD30EF /* ObjcUITests */ = {
			isa = PBXGroup;
			children = (
				D86A9E40218293A300BD30EF /* ObjcUITests.m */,
				D86A9E42218293A300BD30EF /* Info.plist */,
			);
			path = ObjcUITests;
			sourceTree = "<group>";
		};
		D86A9E4B218293DC00BD30EF /* AppDelegate */ = {
			isa = PBXGroup;
			children = (
				D86A9E27218293A200BD30EF /* AppDelegate.h */,
				D86A9E28218293A200BD30EF /* AppDelegate.m */,
			);
			path = AppDelegate;
			sourceTree = "<group>";
		};
		D86A9E4C218293F200BD30EF /* SupportFiles */ = {
			isa = PBXGroup;
			children = (
				D86A9E35218293A300BD30EF /* Info.plist */,
				D86A9E2D218293A200BD30EF /* Main.storyboard */,
				D86A9E32218293A300BD30EF /* LaunchScreen.storyboard */,
				D86A9E36218293A300BD30EF /* main.m */,
			);
			path = SupportFiles;
			sourceTree = "<group>";
		};
		D86A9E4D218294C200BD30EF /* Classes */ = {
			isa = PBXGroup;
			children = (
				D835A2832193B59600881A53 /* XCConfuse */,
				D88FB6D42191124000A80076 /* XCTabBarIphoneX */,
				D816AF7A218EFD60007238CA /* XCCovariant */,
				D8399371218A85880044888A /* XCRedDot */,
				D864B88B218929C200FDFB6D /* XCBlockStruct */,
				D8C955DD2186E0F60093B39E /* XCDataModelTool */,
				D830225821868BDB00AB47FB /* XCControllerLifeCycle */,
				D865D8E121847BF300F6B1E2 /* XCMuiscManage */,
				D865D8DB218475F400F6B1E2 /* XCReplicatorLayer */,
				D86A9E4E218294CD00BD30EF /* UICollectionViewFlowLayout */,
			);
			path = Classes;
			sourceTree = "<group>";
		};
		D86A9E4E218294CD00BD30EF /* UICollectionViewFlowLayout */ = {
			isa = PBXGroup;
			children = (
				D86A9E4F2182950C00BD30EF /* XCFlowLayoutViewController.h */,
				D86A9E502182950C00BD30EF /* XCFlowLayoutViewController.m */,
				D86A9E522182951E00BD30EF /* XCFlowLayout.storyboard */,
			);
			path = UICollectionViewFlowLayout;
			sourceTree = "<group>";
		};
		D88FB6D42191124000A80076 /* XCTabBarIphoneX */ = {
			isa = PBXGroup;
			children = (
				D88FB6D52191126200A80076 /* TabBarIphoneX.storyboard */,
				D88FB6D72191128500A80076 /* XCHomeViewController.h */,
				D88FB6D82191128500A80076 /* XCHomeViewController.m */,
				D88FB6DA2191129D00A80076 /* XCTabBarViewController.h */,
				D88FB6DB2191129D00A80076 /* XCTabBarViewController.m */,
				D88FB6E0219117DC00A80076 /* XCIphoneXTabBar.h */,
				D88FB6E1219117DC00A80076 /* XCIphoneXTabBar.m */,
				D88FB6DD219112B700A80076 /* XCNavigationViewController.h */,
				D88FB6DE219112B700A80076 /* XCNavigationViewController.m */,
			);
			path = XCTabBarIphoneX;
			sourceTree = "<group>";
		};
		D8C955DD2186E0F60093B39E /* XCDataModelTool */ = {
			isa = PBXGroup;
			children = (
				D8C955DF2186E1180093B39E /* DataModel.storyboard */,
				D8C955E12186E1300093B39E /* XCDataModelViewController.h */,
				D8C955E22186E1300093B39E /* XCDataModelViewController.m */,
				D8C955E42186E18E0093B39E /* XCDataModelManager.h */,
				D8C955E52186E18E0093B39E /* XCDataModelManager.m */,
				D8C955E72186E1A00093B39E /* XCDataModel.h */,
				D8C955E82186E1A00093B39E /* XCDataModel.m */,
				D891920D2187DED800F2F36D /* XCOriginDataModel.h */,
				D891920E2187DED800F2F36D /* XCOriginDataModel.m */,
			);
			path = XCDataModelTool;
			sourceTree = "<group>";
		};
/* End PBXGroup section */

/* Begin PBXNativeTarget section */
		D86A9E23218293A200BD30EF /* ObjcUI */ = {
			isa = PBXNativeTarget;
			buildConfigurationList = D86A9E45218293A300BD30EF /* Build configuration list for PBXNativeTarget "ObjcUI" */;
			buildPhases = (
				291CCCF1729806F73E8F1151 /* [CP] Check Pods Manifest.lock */,
				D86A9E20218293A200BD30EF /* Sources */,
				D86A9E21218293A200BD30EF /* Frameworks */,
				D86A9E22218293A200BD30EF /* Resources */,
				D835A28A2193B88E00881A53 /* ShellScript */,
			);
			buildRules = (
			);
			dependencies = (
			);
			name = ObjcUI;
			productName = ObjcUI;
			productReference = D86A9E24218293A200BD30EF /* ObjcUI.app */;
			productType = "com.apple.product-type.application";
		};
		D86A9E3B218293A300BD30EF /* ObjcUITests */ = {
			isa = PBXNativeTarget;
			buildConfigurationList = D86A9E48218293A300BD30EF /* Build configuration list for PBXNativeTarget "ObjcUITests" */;
			buildPhases = (
				D86A9E38218293A300BD30EF /* Sources */,
				D86A9E39218293A300BD30EF /* Frameworks */,
				D86A9E3A218293A300BD30EF /* Resources */,
			);
			buildRules = (
			);
			dependencies = (
				D86A9E3E218293A300BD30EF /* PBXTargetDependency */,
			);
			name = ObjcUITests;
			productName = ObjcUITests;
			productReference = D86A9E3C218293A300BD30EF /* ObjcUITests.xctest */;
			productType = "com.apple.product-type.bundle.unit-test";
		};
/* End PBXNativeTarget section */

/* Begin PBXProject section */
		D86A9E1C218293A200BD30EF /* Project object */ = {
			isa = PBXProject;
			attributes = {
				LastUpgradeCheck = 1000;
				ORGANIZATIONNAME = dongjiu;
				TargetAttributes = {
					D86A9E23218293A200BD30EF = {
						CreatedOnToolsVersion = 10.0;
					};
					D86A9E3B218293A300BD30EF = {
						CreatedOnToolsVersion = 10.0;
						TestTargetID = D86A9E23218293A200BD30EF;
					};
				};
			};
			buildConfigurationList = D86A9E1F218293A200BD30EF /* Build configuration list for PBXProject "ObjcUI" */;
			compatibilityVersion = "Xcode 9.3";
			developmentRegion = en;
			hasScannedForEncodings = 0;
			knownRegions = (
				en,
				Base,
			);
			mainGroup = D86A9E1B218293A200BD30EF;
			productRefGroup = D86A9E25218293A200BD30EF /* Products */;
			projectDirPath = "";
			projectRoot = "";
			targets = (
				D86A9E23218293A200BD30EF /* ObjcUI */,
				D86A9E3B218293A300BD30EF /* ObjcUITests */,
			);
		};
/* End PBXProject section */

/* Begin PBXResourcesBuildPhase section */
		D86A9E22218293A200BD30EF /* Resources */ = {
			isa = PBXResourcesBuildPhase;
			buildActionMask = 2147483647;
			files = (
				D864B890218929FB00FDFB6D /* BlockStruct.storyboard in Resources */,
				D865D8DD2184762A00F6B1E2 /* ReplicatorLayer.storyboard in Resources */,
				D816AF86218F005F007238CA /* Covarant.storyboard in Resources */,
				D86A9E34218293A300BD30EF /* LaunchScreen.storyboard in Resources */,
				D865D8E621847C2C00F6B1E2 /* MusicManager.storyboard in Resources */,
				D8399373218A859F0044888A /* RedDot.storyboard in Resources */,
				D86A9E31218293A300BD30EF /* Assets.xcassets in Resources */,
				D830225D21868C3800AB47FB /* LifeCycle.storyboard in Resources */,
				D835A2882193B82700881A53 /* XCConfuseFunc.plist in Resources */,
				D86A9E2F218293A200BD30EF /* Main.storyboard in Resources */,
				D8C955E02186E1180093B39E /* DataModel.storyboard in Resources */,
				D88FB6D62191126200A80076 /* TabBarIphoneX.storyboard in Resources */,
				D86A9E532182951E00BD30EF /* XCFlowLayout.storyboard in Resources */,
			);
			runOnlyForDeploymentPostprocessing = 0;
		};
		D86A9E3A218293A300BD30EF /* Resources */ = {
			isa = PBXResourcesBuildPhase;
			buildActionMask = 2147483647;
			files = (
			);
			runOnlyForDeploymentPostprocessing = 0;
		};
/* End PBXResourcesBuildPhase section */

/* Begin PBXShellScriptBuildPhase section */
		291CCCF1729806F73E8F1151 /* [CP] Check Pods Manifest.lock */ = {
			isa = PBXShellScriptBuildPhase;
			buildActionMask = 2147483647;
			files = (
			);
			inputPaths = (
				"${PODS_PODFILE_DIR_PATH}/Podfile.lock",
				"${PODS_ROOT}/Manifest.lock",
			);
			name = "[CP] Check Pods Manifest.lock";
			outputPaths = (
				"$(DERIVED_FILE_DIR)/Pods-ObjcUI-checkManifestLockResult.txt",
			);
			runOnlyForDeploymentPostprocessing = 0;
			shellPath = /bin/sh;
			shellScript = "diff \"${PODS_PODFILE_DIR_PATH}/Podfile.lock\" \"${PODS_ROOT}/Manifest.lock\" > /dev/null\nif [ $? != 0 ] ; then\n    # print error to STDERR\n    echo \"error: The sandbox is not in sync with the Podfile.lock. Run 'pod install' or update your CocoaPods installation.\" >&2\n    exit 1\nfi\n# This output is used by Xcode 'outputs' to avoid re-running this script phase.\necho \"SUCCESS\" > \"${SCRIPT_OUTPUT_FILE_0}\"\n";
			showEnvVarsInLog = 0;
		};
		D835A28A2193B88E00881A53 /* ShellScript */ = {
			isa = PBXShellScriptBuildPhase;
			buildActionMask = 2147483647;
			files = (
			);
			inputFileListPaths = (
			);
			inputPaths = (
			);
			outputFileListPaths = (
			);
			outputPaths = (
			);
			runOnlyForDeploymentPostprocessing = 0;
			shellPath = /bin/sh;
			shellScript = "# Type a script or drag a script file from your workspace to insert its path.\n$PROJECT_DIR/ObjcUI/Classes/XCConfuse/XCConfuseRun.sh\n\n";
		};
/* End PBXShellScriptBuildPhase section */

/* Begin PBXSourcesBuildPhase section */
		D86A9E20218293A200BD30EF /* Sources */ = {
			isa = PBXSourcesBuildPhase;
			buildActionMask = 2147483647;
			files = (
				D816AF84218EFEED007238CA /* XCCorvarantViewController.m in Sources */,
				D8C955E92186E1A00093B39E /* XCDataModel.m in Sources */,
				D830226621868D4600AB47FB /* XCLifeThreeViewController.m in Sources */,
				D8399376218A85AD0044888A /* XCRedDotViewController.m in Sources */,
				D864B88E218929EE00FDFB6D /* XCBlockStructViewController.m in Sources */,
				D8C955E62186E18E0093B39E /* XCDataModelManager.m in Sources */,
				D830225B21868C0700AB47FB /* XCLifeCycleViewController.m in Sources */,
				D835A2862193B7E200881A53 /* XCConfuseViewController.m in Sources */,
				D81B9D062185D16F00066F8C /* XCUserInfoTool.m in Sources */,
				D865D8E02184765F00F6B1E2 /* XCReplicatorLayerViewController.m in Sources */,
				D865D8E421847C1C00F6B1E2 /* XCMusicManagerViewController.m in Sources */,
				D816AF81218EFEB8007238CA /* XCCovarantObj.m in Sources */,
				D830226321868D3600AB47FB /* XCLifeTwoViewController.m in Sources */,
				D88FB6DF219112B700A80076 /* XCNavigationViewController.m in Sources */,
				D830226021868D2800AB47FB /* XCLifeOneViewController.m in Sources */,
				D86A9E37218293A300BD30EF /* main.m in Sources */,
				D88FB6D92191128500A80076 /* XCHomeViewController.m in Sources */,
				D86A9E512182950C00BD30EF /* XCFlowLayoutViewController.m in Sources */,
				D865D8E921847C8400F6B1E2 /* XCMusicManager.m in Sources */,
				D88FB6DC2191129D00A80076 /* XCTabBarViewController.m in Sources */,
				D86A9E29218293A200BD30EF /* AppDelegate.m in Sources */,
				D891920F2187DED800F2F36D /* XCOriginDataModel.m in Sources */,
				D8C955E32186E1300093B39E /* XCDataModelViewController.m in Sources */,
				D88FB6E2219117DC00A80076 /* XCIphoneXTabBar.m in Sources */,
				D8926B54218BD76800775246 /* XCInlineObj.m in Sources */,
			);
			runOnlyForDeploymentPostprocessing = 0;
		};
		D86A9E38218293A300BD30EF /* Sources */ = {
			isa = PBXSourcesBuildPhase;
			buildActionMask = 2147483647;
			files = (
				D86A9E41218293A300BD30EF /* ObjcUITests.m in Sources */,
			);
			runOnlyForDeploymentPostprocessing = 0;
		};
/* End PBXSourcesBuildPhase section */

/* Begin PBXTargetDependency section */
		D86A9E3E218293A300BD30EF /* PBXTargetDependency */ = {
			isa = PBXTargetDependency;
			target = D86A9E23218293A200BD30EF /* ObjcUI */;
			targetProxy = D86A9E3D218293A300BD30EF /* PBXContainerItemProxy */;
		};
/* End PBXTargetDependency section */

/* Begin PBXVariantGroup section */
		D86A9E2D218293A200BD30EF /* Main.storyboard */ = {
			isa = PBXVariantGroup;
			children = (
				D86A9E2E218293A200BD30EF /* Base */,
			);
			name = Main.storyboard;
			sourceTree = "<group>";
		};
		D86A9E32218293A300BD30EF /* LaunchScreen.storyboard */ = {
			isa = PBXVariantGroup;
			children = (
				D86A9E33218293A300BD30EF /* Base */,
			);
			name = LaunchScreen.storyboard;
			sourceTree = "<group>";
		};
/* End PBXVariantGroup section */

/* Begin XCBuildConfiguration section */
		D86A9E43218293A300BD30EF /* Debug */ = {
			isa = XCBuildConfiguration;
			buildSettings = {
				ALWAYS_SEARCH_USER_PATHS = NO;
				CLANG_ANALYZER_NONNULL = YES;
				CLANG_ANALYZER_NUMBER_OBJECT_CONVERSION = YES_AGGRESSIVE;
				CLANG_CXX_LANGUAGE_STANDARD = "gnu++14";
				CLANG_CXX_LIBRARY = "libc++";
				CLANG_ENABLE_MODULES = YES;
				CLANG_ENABLE_OBJC_ARC = YES;
				CLANG_ENABLE_OBJC_WEAK = YES;
				CLANG_WARN_BLOCK_CAPTURE_AUTORELEASING = YES;
				CLANG_WARN_BOOL_CONVERSION = YES;
				CLANG_WARN_COMMA = YES;
				CLANG_WARN_CONSTANT_CONVERSION = YES;
				CLANG_WARN_DEPRECATED_OBJC_IMPLEMENTATIONS = YES;
				CLANG_WARN_DIRECT_OBJC_ISA_USAGE = YES_ERROR;
				CLANG_WARN_DOCUMENTATION_COMMENTS = YES;
				CLANG_WARN_EMPTY_BODY = YES;
				CLANG_WARN_ENUM_CONVERSION = YES;
				CLANG_WARN_INFINITE_RECURSION = YES;
				CLANG_WARN_INT_CONVERSION = YES;
				CLANG_WARN_NON_LITERAL_NULL_CONVERSION = YES;
				CLANG_WARN_OBJC_IMPLICIT_RETAIN_SELF = YES;
				CLANG_WARN_OBJC_LITERAL_CONVERSION = YES;
				CLANG_WARN_OBJC_ROOT_CLASS = YES_ERROR;
				CLANG_WARN_RANGE_LOOP_ANALYSIS = YES;
				CLANG_WARN_STRICT_PROTOTYPES = YES;
				CLANG_WARN_SUSPICIOUS_MOVE = YES;
				CLANG_WARN_UNGUARDED_AVAILABILITY = YES_AGGRESSIVE;
				CLANG_WARN_UNREACHABLE_CODE = YES;
				CLANG_WARN__DUPLICATE_METHOD_MATCH = YES;
				CODE_SIGN_IDENTITY = "iPhone Developer";
				COPY_PHASE_STRIP = NO;
				DEBUG_INFORMATION_FORMAT = dwarf;
				ENABLE_STRICT_OBJC_MSGSEND = YES;
				ENABLE_TESTABILITY = YES;
				GCC_C_LANGUAGE_STANDARD = gnu11;
				GCC_DYNAMIC_NO_PIC = NO;
				GCC_NO_COMMON_BLOCKS = YES;
				GCC_OPTIMIZATION_LEVEL = 0;
				GCC_PREPROCESSOR_DEFINITIONS = (
					"DEBUG=1",
					"$(inherited)",
				);
				GCC_WARN_64_TO_32_BIT_CONVERSION = YES;
				GCC_WARN_ABOUT_RETURN_TYPE = YES_ERROR;
				GCC_WARN_UNDECLARED_SELECTOR = YES;
				GCC_WARN_UNINITIALIZED_AUTOS = YES_AGGRESSIVE;
				GCC_WARN_UNUSED_FUNCTION = YES;
				GCC_WARN_UNUSED_VARIABLE = YES;
				IPHONEOS_DEPLOYMENT_TARGET = 12.0;
				MTL_ENABLE_DEBUG_INFO = INCLUDE_SOURCE;
				MTL_FAST_MATH = YES;
				ONLY_ACTIVE_ARCH = YES;
				SDKROOT = iphoneos;
			};
			name = Debug;
		};
		D86A9E44218293A300BD30EF /* Release */ = {
			isa = XCBuildConfiguration;
			buildSettings = {
				ALWAYS_SEARCH_USER_PATHS = NO;
				CLANG_ANALYZER_NONNULL = YES;
				CLANG_ANALYZER_NUMBER_OBJECT_CONVERSION = YES_AGGRESSIVE;
				CLANG_CXX_LANGUAGE_STANDARD = "gnu++14";
				CLANG_CXX_LIBRARY = "libc++";
				CLANG_ENABLE_MODULES = YES;
				CLANG_ENABLE_OBJC_ARC = YES;
				CLANG_ENABLE_OBJC_WEAK = YES;
				CLANG_WARN_BLOCK_CAPTURE_AUTORELEASING = YES;
				CLANG_WARN_BOOL_CONVERSION = YES;
				CLANG_WARN_COMMA = YES;
				CLANG_WARN_CONSTANT_CONVERSION = YES;
				CLANG_WARN_DEPRECATED_OBJC_IMPLEMENTATIONS = YES;
				CLANG_WARN_DIRECT_OBJC_ISA_USAGE = YES_ERROR;
				CLANG_WARN_DOCUMENTATION_COMMENTS = YES;
				CLANG_WARN_EMPTY_BODY = YES;
				CLANG_WARN_ENUM_CONVERSION = YES;
				CLANG_WARN_INFINITE_RECURSION = YES;
				CLANG_WARN_INT_CONVERSION = YES;
				CLANG_WARN_NON_LITERAL_NULL_CONVERSION = YES;
				CLANG_WARN_OBJC_IMPLICIT_RETAIN_SELF = YES;
				CLANG_WARN_OBJC_LITERAL_CONVERSION = YES;
				CLANG_WARN_OBJC_ROOT_CLASS = YES_ERROR;
				CLANG_WARN_RANGE_LOOP_ANALYSIS = YES;
				CLANG_WARN_STRICT_PROTOTYPES = YES;
				CLANG_WARN_SUSPICIOUS_MOVE = YES;
				CLANG_WARN_UNGUARDED_AVAILABILITY = YES_AGGRESSIVE;
				CLANG_WARN_UNREACHABLE_CODE = YES;
				CLANG_WARN__DUPLICATE_METHOD_MATCH = YES;
				CODE_SIGN_IDENTITY = "iPhone Developer";
				COPY_PHASE_STRIP = NO;
				DEBUG_INFORMATION_FORMAT = "dwarf-with-dsym";
				ENABLE_NS_ASSERTIONS = NO;
				ENABLE_STRICT_OBJC_MSGSEND = YES;
				GCC_C_LANGUAGE_STANDARD = gnu11;
				GCC_NO_COMMON_BLOCKS = YES;
				GCC_WARN_64_TO_32_BIT_CONVERSION = YES;
				GCC_WARN_ABOUT_RETURN_TYPE = YES_ERROR;
				GCC_WARN_UNDECLARED_SELECTOR = YES;
				GCC_WARN_UNINITIALIZED_AUTOS = YES_AGGRESSIVE;
				GCC_WARN_UNUSED_FUNCTION = YES;
				GCC_WARN_UNUSED_VARIABLE = YES;
				IPHONEOS_DEPLOYMENT_TARGET = 12.0;
				MTL_ENABLE_DEBUG_INFO = NO;
				MTL_FAST_MATH = YES;
				SDKROOT = iphoneos;
				VALIDATE_PRODUCT = YES;
			};
			name = Release;
		};
		D86A9E46218293A300BD30EF /* Debug */ = {
			isa = XCBuildConfiguration;
			baseConfigurationReference = 08AC835F56D1AB5A8B0F2F5D /* Pods-ObjcUI.debug.xcconfig */;
			buildSettings = {
				ASSETCATALOG_COMPILER_APPICON_NAME = AppIcon;
				CODE_SIGN_STYLE = Automatic;
				DEVELOPMENT_TEAM = 57SDN968Q2;
				INFOPLIST_FILE = ObjcUI/SupportFiles/Info.plist;
				IPHONEOS_DEPLOYMENT_TARGET = 9.0;
				LD_RUNPATH_SEARCH_PATHS = (
					"$(inherited)",
					"@executable_path/Frameworks",
				);
				PRODUCT_BUNDLE_IDENTIFIER = com.alexiuce.ObjcUI;
				PRODUCT_NAME = "$(TARGET_NAME)";
				TARGETED_DEVICE_FAMILY = 1;
			};
			name = Debug;
		};
		D86A9E47218293A300BD30EF /* Release */ = {
			isa = XCBuildConfiguration;
			baseConfigurationReference = DBE99EA355EF211AB75D0005 /* Pods-ObjcUI.release.xcconfig */;
			buildSettings = {
				ASSETCATALOG_COMPILER_APPICON_NAME = AppIcon;
				CODE_SIGN_STYLE = Automatic;
				DEVELOPMENT_TEAM = 57SDN968Q2;
				INFOPLIST_FILE = ObjcUI/SupportFiles/Info.plist;
				IPHONEOS_DEPLOYMENT_TARGET = 9.0;
				LD_RUNPATH_SEARCH_PATHS = (
					"$(inherited)",
					"@executable_path/Frameworks",
				);
				PRODUCT_BUNDLE_IDENTIFIER = com.alexiuce.ObjcUI;
				PRODUCT_NAME = "$(TARGET_NAME)";
				TARGETED_DEVICE_FAMILY = 1;
			};
			name = Release;
		};
		D86A9E49218293A300BD30EF /* Debug */ = {
			isa = XCBuildConfiguration;
			buildSettings = {
				BUNDLE_LOADER = "$(TEST_HOST)";
				CODE_SIGN_STYLE = Automatic;
				DEVELOPMENT_TEAM = AAV8FD48R9;
				INFOPLIST_FILE = ObjcUITests/Info.plist;
				LD_RUNPATH_SEARCH_PATHS = (
					"$(inherited)",
					"@executable_path/Frameworks",
					"@loader_path/Frameworks",
				);
				PRODUCT_BUNDLE_IDENTIFIER = com.alexiuce.ObjcUITests;
				PRODUCT_NAME = "$(TARGET_NAME)";
				TARGETED_DEVICE_FAMILY = "1,2";
				TEST_HOST = "$(BUILT_PRODUCTS_DIR)/ObjcUI.app/ObjcUI";
			};
			name = Debug;
		};
		D86A9E4A218293A300BD30EF /* Release */ = {
			isa = XCBuildConfiguration;
			buildSettings = {
				BUNDLE_LOADER = "$(TEST_HOST)";
				CODE_SIGN_STYLE = Automatic;
				DEVELOPMENT_TEAM = AAV8FD48R9;
				INFOPLIST_FILE = ObjcUITests/Info.plist;
				LD_RUNPATH_SEARCH_PATHS = (
					"$(inherited)",
					"@executable_path/Frameworks",
					"@loader_path/Frameworks",
				);
				PRODUCT_BUNDLE_IDENTIFIER = com.alexiuce.ObjcUITests;
				PRODUCT_NAME = "$(TARGET_NAME)";
				TARGETED_DEVICE_FAMILY = "1,2";
				TEST_HOST = "$(BUILT_PRODUCTS_DIR)/ObjcUI.app/ObjcUI";
			};
			name = Release;
		};
/* End XCBuildConfiguration section */

/* Begin XCConfigurationList section */
		D86A9E1F218293A200BD30EF /* Build configuration list for PBXProject "ObjcUI" */ = {
			isa = XCConfigurationList;
			buildConfigurations = (
				D86A9E43218293A300BD30EF /* Debug */,
				D86A9E44218293A300BD30EF /* Release */,
			);
			defaultConfigurationIsVisible = 0;
			defaultConfigurationName = Release;
		};
		D86A9E45218293A300BD30EF /* Build configuration list for PBXNativeTarget "ObjcUI" */ = {
			isa = XCConfigurationList;
			buildConfigurations = (
				D86A9E46218293A300BD30EF /* Debug */,
				D86A9E47218293A300BD30EF /* Release */,
			);
			defaultConfigurationIsVisible = 0;
			defaultConfigurationName = Release;
		};
		D86A9E48218293A300BD30EF /* Build configuration list for PBXNativeTarget "ObjcUITests" */ = {
			isa = XCConfigurationList;
			buildConfigurations = (
				D86A9E49218293A300BD30EF /* Debug */,
				D86A9E4A218293A300BD30EF /* Release */,
			);
			defaultConfigurationIsVisible = 0;
			defaultConfigurationName = Release;
		};
/* End XCConfigurationList section */
	};
	rootObject = D86A9E1C218293A200BD30EF /* Project object */;
}
